// !$*UTF8*$!
{
	archiveVersion = 1;
	classes = {
	};
	objectVersion = 46;
	objects = {

/* Begin PBXBuildFile section */
		A30141E11A64E8FF006C10C6 /* QuartzCore.framework in Frameworks */ = {isa = PBXBuildFile; fileRef = A30141DE1A64E8DB006C10C6 /* QuartzCore.framework */; };
		A3162DCA1A52D98D007F7010 /* main.m in Sources */ = {isa = PBXBuildFile; fileRef = A3162DC91A52D98D007F7010 /* main.m */; };
		A3162DCD1A52D98D007F7010 /* AppDelegate.m in Sources */ = {isa = PBXBuildFile; fileRef = A3162DCC1A52D98D007F7010 /* AppDelegate.m */; };
		A3162DD01A52D98D007F7010 /* ViewController.m in Sources */ = {isa = PBXBuildFile; fileRef = A3162DCF1A52D98D007F7010 /* ViewController.m */; };
		A3162DD31A52D98D007F7010 /* Main.storyboard in Resources */ = {isa = PBXBuildFile; fileRef = A3162DD11A52D98D007F7010 /* Main.storyboard */; };
		A3162DD51A52D98D007F7010 /* Images.xcassets in Resources */ = {isa = PBXBuildFile; fileRef = A3162DD41A52D98D007F7010 /* Images.xcassets */; };
		A3162DD81A52D98D007F7010 /* LaunchScreen.xib in Resources */ = {isa = PBXBuildFile; fileRef = A3162DD61A52D98D007F7010 /* LaunchScreen.xib */; };
		A3162DE41A52D98D007F7010 /* Revels_15Tests.m in Sources */ = {isa = PBXBuildFile; fileRef = A3162DE31A52D98D007F7010 /* Revels_15Tests.m */; };
		A3162DF01A52DB78007F7010 /* PageContentViewController.m in Sources */ = {isa = PBXBuildFile; fileRef = A3162DEF1A52DB78007F7010 /* PageContentViewController.m */; };
		A32AB5EC1A5C3D2800787CCD /* EventCell.xib in Resources */ = {isa = PBXBuildFile; fileRef = A32AB5EB1A5C3D2800787CCD /* EventCell.xib */; };
		A32AB5F21A5C404400787CCD /* Event.m in Sources */ = {isa = PBXBuildFile; fileRef = A32AB5F11A5C404400787CCD /* Event.m */; };
		A32AB5F51A5C40F600787CCD /* MBProgressHUD.m in Sources */ = {isa = PBXBuildFile; fileRef = A32AB5F41A5C40F600787CCD /* MBProgressHUD.m */; };
		A32AB5F91A5C414A00787CCD /* EventTableViewCell.m in Sources */ = {isa = PBXBuildFile; fileRef = A32AB5F81A5C414A00787CCD /* EventTableViewCell.m */; };
		A32AB5FC1A5C41F100787CCD /* SSJSONModel.m in Sources */ = {isa = PBXBuildFile; fileRef = A32AB5FB1A5C41F100787CCD /* SSJSONModel.m */; };
		A35D35971A68409C008CFF49 /* ViewPagerController.m in Sources */ = {isa = PBXBuildFile; fileRef = A35D35961A68409C008CFF49 /* ViewPagerController.m */; };
		A3711F8D1A67E7380021A926 /* PQFCirclesInTriangle.m in Sources */ = {isa = PBXBuildFile; fileRef = A3711F891A67E7380021A926 /* PQFCirclesInTriangle.m */; };
		A3711F901A67E7B60021A926 /* UIColor+FlatColors.m in Sources */ = {isa = PBXBuildFile; fileRef = A3711F8F1A67E7B60021A926 /* UIColor+FlatColors.m */; };
		A3EA5E7D1A5542A2001DA8FD /* MenuOptions.xib in Resources */ = {isa = PBXBuildFile; fileRef = A3EA5E7C1A5542A2001DA8FD /* MenuOptions.xib */; };
		A3EA5E801A554355001DA8FD /* MenuOptions.m in Sources */ = {isa = PBXBuildFile; fileRef = A3EA5E7F1A554355001DA8FD /* MenuOptions.m */; };
/* End PBXBuildFile section */

/* Begin PBXContainerItemProxy section */
		A3162DDE1A52D98D007F7010 /* PBXContainerItemProxy */ = {
			isa = PBXContainerItemProxy;
			containerPortal = A3162DBC1A52D98D007F7010 /* Project object */;
			proxyType = 1;
			remoteGlobalIDString = A3162DC31A52D98D007F7010;
			remoteInfo = "Revels'15";
		};
/* End PBXContainerItemProxy section */

/* Begin PBXFileReference section */
		A30141DE1A64E8DB006C10C6 /* QuartzCore.framework */ = {isa = PBXFileReference; lastKnownFileType = wrapper.framework; name = QuartzCore.framework; path = System/Library/Frameworks/QuartzCore.framework; sourceTree = SDKROOT; };
		A3162DC41A52D98D007F7010 /* Revels'15.app */ = {isa = PBXFileReference; explicitFileType = wrapper.application; includeInIndex = 0; path = "Revels'15.app"; sourceTree = BUILT_PRODUCTS_DIR; };
		A3162DC81A52D98D007F7010 /* Info.plist */ = {isa = PBXFileReference; lastKnownFileType = text.plist.xml; path = Info.plist; sourceTree = "<group>"; };
		A3162DC91A52D98D007F7010 /* main.m */ = {isa = PBXFileReference; lastKnownFileType = sourcecode.c.objc; path = main.m; sourceTree = "<group>"; };
		A3162DCB1A52D98D007F7010 /* AppDelegate.h */ = {isa = PBXFileReference; lastKnownFileType = sourcecode.c.h; path = AppDelegate.h; sourceTree = "<group>"; };
		A3162DCC1A52D98D007F7010 /* AppDelegate.m */ = {isa = PBXFileReference; lastKnownFileType = sourcecode.c.objc; path = AppDelegate.m; sourceTree = "<group>"; };
		A3162DCE1A52D98D007F7010 /* ViewController.h */ = {isa = PBXFileReference; lastKnownFileType = sourcecode.c.h; path = ViewController.h; sourceTree = "<group>"; };
		A3162DCF1A52D98D007F7010 /* ViewController.m */ = {isa = PBXFileReference; lastKnownFileType = sourcecode.c.objc; path = ViewController.m; sourceTree = "<group>"; };
		A3162DD21A52D98D007F7010 /* Base */ = {isa = PBXFileReference; lastKnownFileType = file.storyboard; name = Base; path = Base.lproj/Main.storyboard; sourceTree = "<group>"; };
		A3162DD41A52D98D007F7010 /* Images.xcassets */ = {isa = PBXFileReference; lastKnownFileType = folder.assetcatalog; path = Images.xcassets; sourceTree = "<group>"; };
		A3162DD71A52D98D007F7010 /* Base */ = {isa = PBXFileReference; lastKnownFileType = file.xib; name = Base; path = Base.lproj/LaunchScreen.xib; sourceTree = "<group>"; };
		A3162DDD1A52D98D007F7010 /* Revels'15Tests.xctest */ = {isa = PBXFileReference; explicitFileType = wrapper.cfbundle; includeInIndex = 0; path = "Revels'15Tests.xctest"; sourceTree = BUILT_PRODUCTS_DIR; };
		A3162DE21A52D98D007F7010 /* Info.plist */ = {isa = PBXFileReference; lastKnownFileType = text.plist.xml; path = Info.plist; sourceTree = "<group>"; };
		A3162DE31A52D98D007F7010 /* Revels_15Tests.m */ = {isa = PBXFileReference; lastKnownFileType = sourcecode.c.objc; path = Revels_15Tests.m; sourceTree = "<group>"; };
		A3162DEE1A52DB78007F7010 /* PageContentViewController.h */ = {isa = PBXFileReference; fileEncoding = 4; lastKnownFileType = sourcecode.c.h; path = PageContentViewController.h; sourceTree = "<group>"; };
		A3162DEF1A52DB78007F7010 /* PageContentViewController.m */ = {isa = PBXFileReference; fileEncoding = 4; lastKnownFileType = sourcecode.c.objc; path = PageContentViewController.m; sourceTree = "<group>"; };
		A32AB5EB1A5C3D2800787CCD /* EventCell.xib */ = {isa = PBXFileReference; fileEncoding = 4; lastKnownFileType = file.xib; path = EventCell.xib; sourceTree = "<group>"; };
		A32AB5F01A5C404400787CCD /* Event.h */ = {isa = PBXFileReference; fileEncoding = 4; lastKnownFileType = sourcecode.c.h; path = Event.h; sourceTree = "<group>"; };
		A32AB5F11A5C404400787CCD /* Event.m */ = {isa = PBXFileReference; fileEncoding = 4; lastKnownFileType = sourcecode.c.objc; path = Event.m; sourceTree = "<group>"; };
		A32AB5F31A5C40F600787CCD /* MBProgressHUD.h */ = {isa = PBXFileReference; fileEncoding = 4; lastKnownFileType = sourcecode.c.h; path = MBProgressHUD.h; sourceTree = "<group>"; };
		A32AB5F41A5C40F600787CCD /* MBProgressHUD.m */ = {isa = PBXFileReference; fileEncoding = 4; lastKnownFileType = sourcecode.c.objc; path = MBProgressHUD.m; sourceTree = "<group>"; };
		A32AB5F71A5C414A00787CCD /* EventTableViewCell.h */ = {isa = PBXFileReference; fileEncoding = 4; lastKnownFileType = sourcecode.c.h; path = EventTableViewCell.h; sourceTree = "<group>"; };
		A32AB5F81A5C414A00787CCD /* EventTableViewCell.m */ = {isa = PBXFileReference; fileEncoding = 4; lastKnownFileType = sourcecode.c.objc; path = EventTableViewCell.m; sourceTree = "<group>"; };
		A32AB5FA1A5C41F100787CCD /* SSJSONModel.h */ = {isa = PBXFileReference; fileEncoding = 4; lastKnownFileType = sourcecode.c.h; path = SSJSONModel.h; sourceTree = "<group>"; };
		A32AB5FB1A5C41F100787CCD /* SSJSONModel.m */ = {isa = PBXFileReference; fileEncoding = 4; lastKnownFileType = sourcecode.c.objc; path = SSJSONModel.m; sourceTree = "<group>"; };
		A35D35951A68409C008CFF49 /* ViewPagerController.h */ = {isa = PBXFileReference; fileEncoding = 4; lastKnownFileType = sourcecode.c.h; path = ViewPagerController.h; sourceTree = "<group>"; };
		A35D35961A68409C008CFF49 /* ViewPagerController.m */ = {isa = PBXFileReference; fileEncoding = 4; lastKnownFileType = sourcecode.c.objc; path = ViewPagerController.m; sourceTree = "<group>"; };
		A3711F881A67E7380021A926 /* PQFCirclesInTriangle.h */ = {isa = PBXFileReference; fileEncoding = 4; lastKnownFileType = sourcecode.c.h; path = PQFCirclesInTriangle.h; sourceTree = "<group>"; };
		A3711F891A67E7380021A926 /* PQFCirclesInTriangle.m */ = {isa = PBXFileReference; fileEncoding = 4; lastKnownFileType = sourcecode.c.objc; path = PQFCirclesInTriangle.m; sourceTree = "<group>"; };
		A3711F8A1A67E7380021A926 /* PQFCustomLoaders.h */ = {isa = PBXFileReference; fileEncoding = 4; lastKnownFileType = sourcecode.c.h; path = PQFCustomLoaders.h; sourceTree = "<group>"; };
		A3711F8E1A67E7B60021A926 /* UIColor+FlatColors.h */ = {isa = PBXFileReference; fileEncoding = 4; lastKnownFileType = sourcecode.c.h; path = "UIColor+FlatColors.h"; sourceTree = "<group>"; };
		A3711F8F1A67E7B60021A926 /* UIColor+FlatColors.m */ = {isa = PBXFileReference; fileEncoding = 4; lastKnownFileType = sourcecode.c.objc; path = "UIColor+FlatColors.m"; sourceTree = "<group>"; };
		A3EA5E7C1A5542A2001DA8FD /* MenuOptions.xib */ = {isa = PBXFileReference; fileEncoding = 4; lastKnownFileType = file.xib; path = MenuOptions.xib; sourceTree = "<group>"; };
		A3EA5E7E1A554355001DA8FD /* MenuOptions.h */ = {isa = PBXFileReference; fileEncoding = 4; lastKnownFileType = sourcecode.c.h; path = MenuOptions.h; sourceTree = "<group>"; };
		A3EA5E7F1A554355001DA8FD /* MenuOptions.m */ = {isa = PBXFileReference; fileEncoding = 4; lastKnownFileType = sourcecode.c.objc; path = MenuOptions.m; sourceTree = "<group>"; };
/* End PBXFileReference section */

/* Begin PBXFrameworksBuildPhase section */
		A3162DC11A52D98D007F7010 /* Frameworks */ = {
			isa = PBXFrameworksBuildPhase;
			buildActionMask = 2147483647;
			files = (
				A30141E11A64E8FF006C10C6 /* QuartzCore.framework in Frameworks */,
			);
			runOnlyForDeploymentPostprocessing = 0;
		};
		A3162DDA1A52D98D007F7010 /* Frameworks */ = {
			isa = PBXFrameworksBuildPhase;
			buildActionMask = 2147483647;
			files = (
			);
			runOnlyForDeploymentPostprocessing = 0;
		};
/* End PBXFrameworksBuildPhase section */

/* Begin PBXGroup section */
		A30141E01A64E8E5006C10C6 /* Frameworks */ = {
			isa = PBXGroup;
			children = (
				A30141DE1A64E8DB006C10C6 /* QuartzCore.framework */,
			);
			name = Frameworks;
			path = ..;
			sourceTree = "<group>";
		};
		A3162DBB1A52D98D007F7010 = {
			isa = PBXGroup;
			children = (
				A3162DC61A52D98D007F7010 /* Revels'15 */,
				A3162DE01A52D98D007F7010 /* Revels'15Tests */,
				A3162DC51A52D98D007F7010 /* Products */,
			);
			sourceTree = "<group>";
		};
		A3162DC51A52D98D007F7010 /* Products */ = {
			isa = PBXGroup;
			children = (
				A3162DC41A52D98D007F7010 /* Revels'15.app */,
				A3162DDD1A52D98D007F7010 /* Revels'15Tests.xctest */,
			);
			name = Products;
			sourceTree = "<group>";
		};
		A3162DC61A52D98D007F7010 /* Revels'15 */ = {
			isa = PBXGroup;
			children = (
				A3554BBA1A55BADC0069896C /* Libraries */,
				A32AB5EA1A5C3CEC00787CCD /* Model */,
				A319A5901A532027004BD5DA /* View */,
				A3162DED1A52DA35007F7010 /* Controller */,
				A3162DD11A52D98D007F7010 /* Main.storyboard */,
				A3162DD41A52D98D007F7010 /* Images.xcassets */,
				A3162DD61A52D98D007F7010 /* LaunchScreen.xib */,
				A30141E01A64E8E5006C10C6 /* Frameworks */,
				A3162DC71A52D98D007F7010 /* Supporting Files */,
			);
			path = "Revels'15";
			sourceTree = "<group>";
		};
		A3162DC71A52D98D007F7010 /* Supporting Files */ = {
			isa = PBXGroup;
			children = (
				A3162DCB1A52D98D007F7010 /* AppDelegate.h */,
				A3162DCC1A52D98D007F7010 /* AppDelegate.m */,
				A3162DC81A52D98D007F7010 /* Info.plist */,
				A3162DC91A52D98D007F7010 /* main.m */,
			);
			name = "Supporting Files";
			sourceTree = "<group>";
		};
		A3162DE01A52D98D007F7010 /* Revels'15Tests */ = {
			isa = PBXGroup;
			children = (
				A3162DE31A52D98D007F7010 /* Revels_15Tests.m */,
				A3162DE11A52D98D007F7010 /* Supporting Files */,
			);
			path = "Revels'15Tests";
			sourceTree = "<group>";
		};
		A3162DE11A52D98D007F7010 /* Supporting Files */ = {
			isa = PBXGroup;
			children = (
				A3162DE21A52D98D007F7010 /* Info.plist */,
			);
			name = "Supporting Files";
			sourceTree = "<group>";
		};
		A3162DED1A52DA35007F7010 /* Controller */ = {
			isa = PBXGroup;
			children = (
				A3162DCE1A52D98D007F7010 /* ViewController.h */,
				A3162DCF1A52D98D007F7010 /* ViewController.m */,
				A3162DEE1A52DB78007F7010 /* PageContentViewController.h */,
				A3162DEF1A52DB78007F7010 /* PageContentViewController.m */,
			);
			name = Controller;
			sourceTree = "<group>";
		};
		A319A5901A532027004BD5DA /* View */ = {
			isa = PBXGroup;
			children = (
				A3EA5E7B1A554288001DA8FD /* MenuOptions */,
				A3EA5E7A1A554270001DA8FD /* EventCell */,
			);
			name = View;
			sourceTree = "<group>";
		};
		A32AB5EA1A5C3CEC00787CCD /* Model */ = {
			isa = PBXGroup;
			children = (
				A32AB5F01A5C404400787CCD /* Event.h */,
				A32AB5F11A5C404400787CCD /* Event.m */,
			);
			name = Model;
			sourceTree = "<group>";
		};
		A32AB5F61A5C410100787CCD /* MBProgressHUD */ = {
			isa = PBXGroup;
			children = (
				A32AB5F31A5C40F600787CCD /* MBProgressHUD.h */,
				A32AB5F41A5C40F600787CCD /* MBProgressHUD.m */,
			);
			name = MBProgressHUD;
			sourceTree = "<group>";
		};
		A32AB5FD1A5C41FE00787CCD /* SSJSONParse */ = {
			isa = PBXGroup;
			children = (
				A32AB5FA1A5C41F100787CCD /* SSJSONModel.h */,
				A32AB5FB1A5C41F100787CCD /* SSJSONModel.m */,
			);
			name = SSJSONParse;
			sourceTree = "<group>";
		};
		A3554BBA1A55BADC0069896C /* Libraries */ = {
			isa = PBXGroup;
			children = (
				A35D35941A68409C008CFF49 /* ICViewPager */,
				A3711F831A67E7380021A926 /* PQFCustomLoaders */,
				A32AB5FD1A5C41FE00787CCD /* SSJSONParse */,
				A32AB5F61A5C410100787CCD /* MBProgressHUD */,
			);
			name = Libraries;
			sourceTree = "<group>";
		};
		A35D35941A68409C008CFF49 /* ICViewPager */ = {
			isa = PBXGroup;
			children = (
				A35D35951A68409C008CFF49 /* ViewPagerController.h */,
				A35D35961A68409C008CFF49 /* ViewPagerController.m */,
			);
			path = ICViewPager;
			sourceTree = "<group>";
		};
		A3711F831A67E7380021A926 /* PQFCustomLoaders */ = {
			isa = PBXGroup;
			children = (
				A3711F8E1A67E7B60021A926 /* UIColor+FlatColors.h */,
				A3711F8F1A67E7B60021A926 /* UIColor+FlatColors.m */,
				A3711F881A67E7380021A926 /* PQFCirclesInTriangle.h */,
				A3711F891A67E7380021A926 /* PQFCirclesInTriangle.m */,
				A3711F8A1A67E7380021A926 /* PQFCustomLoaders.h */,
			);
			path = PQFCustomLoaders;
			sourceTree = "<group>";
		};
		A3EA5E7A1A554270001DA8FD /* EventCell */ = {
			isa = PBXGroup;
			children = (
				A32AB5EB1A5C3D2800787CCD /* EventCell.xib */,
				A32AB5F71A5C414A00787CCD /* EventTableViewCell.h */,
				A32AB5F81A5C414A00787CCD /* EventTableViewCell.m */,
			);
			name = EventCell;
			sourceTree = "<group>";
		};
		A3EA5E7B1A554288001DA8FD /* MenuOptions */ = {
			isa = PBXGroup;
			children = (
				A3EA5E7C1A5542A2001DA8FD /* MenuOptions.xib */,
				A3EA5E7E1A554355001DA8FD /* MenuOptions.h */,
				A3EA5E7F1A554355001DA8FD /* MenuOptions.m */,
			);
			name = MenuOptions;
			sourceTree = "<group>";
		};
/* End PBXGroup section */

/* Begin PBXNativeTarget section */
		A3162DC31A52D98D007F7010 /* Revels'15 */ = {
			isa = PBXNativeTarget;
			buildConfigurationList = A3162DE71A52D98D007F7010 /* Build configuration list for PBXNativeTarget "Revels'15" */;
			buildPhases = (
				A3162DC01A52D98D007F7010 /* Sources */,
				A3162DC11A52D98D007F7010 /* Frameworks */,
				A3162DC21A52D98D007F7010 /* Resources */,
			);
			buildRules = (
			);
			dependencies = (
			);
			name = "Revels'15";
			productName = "Revels'15";
			productReference = A3162DC41A52D98D007F7010 /* Revels'15.app */;
			productType = "com.apple.product-type.application";
		};
		A3162DDC1A52D98D007F7010 /* Revels'15Tests */ = {
			isa = PBXNativeTarget;
			buildConfigurationList = A3162DEA1A52D98D007F7010 /* Build configuration list for PBXNativeTarget "Revels'15Tests" */;
			buildPhases = (
				A3162DD91A52D98D007F7010 /* Sources */,
				A3162DDA1A52D98D007F7010 /* Frameworks */,
				A3162DDB1A52D98D007F7010 /* Resources */,
			);
			buildRules = (
			);
			dependencies = (
				A3162DDF1A52D98D007F7010 /* PBXTargetDependency */,
			);
			name = "Revels'15Tests";
			productName = "Revels'15Tests";
			productReference = A3162DDD1A52D98D007F7010 /* Revels'15Tests.xctest */;
			productType = "com.apple.product-type.bundle.unit-test";
		};
/* End PBXNativeTarget section */

/* Begin PBXProject section */
		A3162DBC1A52D98D007F7010 /* Project object */ = {
			isa = PBXProject;
			attributes = {
				LastUpgradeCheck = 0610;
				ORGANIZATIONNAME = LUGManipal;
				TargetAttributes = {
					A3162DC31A52D98D007F7010 = {
						CreatedOnToolsVersion = 6.1.1;
					};
					A3162DDC1A52D98D007F7010 = {
						CreatedOnToolsVersion = 6.1.1;
						TestTargetID = A3162DC31A52D98D007F7010;
					};
				};
			};
			buildConfigurationList = A3162DBF1A52D98D007F7010 /* Build configuration list for PBXProject "Revels'15" */;
			compatibilityVersion = "Xcode 3.2";
			developmentRegion = English;
			hasScannedForEncodings = 0;
			knownRegions = (
				en,
				Base,
			);
			mainGroup = A3162DBB1A52D98D007F7010;
			productRefGroup = A3162DC51A52D98D007F7010 /* Products */;
			projectDirPath = "";
			projectRoot = "";
			targets = (
				A3162DC31A52D98D007F7010 /* Revels'15 */,
				A3162DDC1A52D98D007F7010 /* Revels'15Tests */,
			);
		};
/* End PBXProject section */

/* Begin PBXResourcesBuildPhase section */
		A3162DC21A52D98D007F7010 /* Resources */ = {
			isa = PBXResourcesBuildPhase;
			buildActionMask = 2147483647;
			files = (
				A3162DD31A52D98D007F7010 /* Main.storyboard in Resources */,
				A3162DD81A52D98D007F7010 /* LaunchScreen.xib in Resources */,
				A3EA5E7D1A5542A2001DA8FD /* MenuOptions.xib in Resources */,
				A32AB5EC1A5C3D2800787CCD /* EventCell.xib in Resources */,
				A3162DD51A52D98D007F7010 /* Images.xcassets in Resources */,
			);
			runOnlyForDeploymentPostprocessing = 0;
		};
		A3162DDB1A52D98D007F7010 /* Resources */ = {
			isa = PBXResourcesBuildPhase;
			buildActionMask = 2147483647;
			files = (
			);
			runOnlyForDeploymentPostprocessing = 0;
		};
/* End PBXResourcesBuildPhase section */

/* Begin PBXSourcesBuildPhase section */
		A3162DC01A52D98D007F7010 /* Sources */ = {
			isa = PBXSourcesBuildPhase;
			buildActionMask = 2147483647;
			files = (
				A32AB5F21A5C404400787CCD /* Event.m in Sources */,
				A3162DD01A52D98D007F7010 /* ViewController.m in Sources */,
				A3711F901A67E7B60021A926 /* UIColor+FlatColors.m in Sources */,
				A32AB5F91A5C414A00787CCD /* EventTableViewCell.m in Sources */,
				A3EA5E801A554355001DA8FD /* MenuOptions.m in Sources */,
				A3162DF01A52DB78007F7010 /* PageContentViewController.m in Sources */,
				A32AB5F51A5C40F600787CCD /* MBProgressHUD.m in Sources */,
				A3162DCD1A52D98D007F7010 /* AppDelegate.m in Sources */,
				A32AB5FC1A5C41F100787CCD /* SSJSONModel.m in Sources */,
				A3711F8D1A67E7380021A926 /* PQFCirclesInTriangle.m in Sources */,
				A35D35971A68409C008CFF49 /* ViewPagerController.m in Sources */,
				A3162DCA1A52D98D007F7010 /* main.m in Sources */,
			);
			runOnlyForDeploymentPostprocessing = 0;
		};
		A3162DD91A52D98D007F7010 /* Sources */ = {
			isa = PBXSourcesBuildPhase;
			buildActionMask = 2147483647;
			files = (
				A3162DE41A52D98D007F7010 /* Revels_15Tests.m in Sources */,
			);
			runOnlyForDeploymentPostprocessing = 0;
		};
/* End PBXSourcesBuildPhase section */

/* Begin PBXTargetDependency section */
		A3162DDF1A52D98D007F7010 /* PBXTargetDependency */ = {
			isa = PBXTargetDependency;
			target = A3162DC31A52D98D007F7010 /* Revels'15 */;
			targetProxy = A3162DDE1A52D98D007F7010 /* PBXContainerItemProxy */;
		};
/* End PBXTargetDependency section */

/* Begin PBXVariantGroup section */
		A3162DD11A52D98D007F7010 /* Main.storyboard */ = {
			isa = PBXVariantGroup;
			children = (
				A3162DD21A52D98D007F7010 /* Base */,
			);
			name = Main.storyboard;
			sourceTree = "<group>";
		};
		A3162DD61A52D98D007F7010 /* LaunchScreen.xib */ = {
			isa = PBXVariantGroup;
			children = (
				A3162DD71A52D98D007F7010 /* Base */,
			);
			name = LaunchScreen.xib;
			sourceTree = "<group>";
		};
/* End PBXVariantGroup section */

/* Begin XCBuildConfiguration section */
		A3162DE51A52D98D007F7010 /* Debug */ = {
			isa = XCBuildConfiguration;
			buildSettings = {
				ALWAYS_SEARCH_USER_PATHS = NO;
				CLANG_CXX_LANGUAGE_STANDARD = "gnu++0x";
				CLANG_CXX_LIBRARY = "libc++";
				CLANG_ENABLE_MODULES = YES;
				CLANG_ENABLE_OBJC_ARC = YES;
				CLANG_WARN_BOOL_CONVERSION = YES;
				CLANG_WARN_CONSTANT_CONVERSION = YES;
				CLANG_WARN_DIRECT_OBJC_ISA_USAGE = YES_ERROR;
				CLANG_WARN_EMPTY_BODY = YES;
				CLANG_WARN_ENUM_CONVERSION = YES;
				CLANG_WARN_INT_CONVERSION = YES;
				CLANG_WARN_OBJC_ROOT_CLASS = YES_ERROR;
				CLANG_WARN_UNREACHABLE_CODE = YES;
				CLANG_WARN__DUPLICATE_METHOD_MATCH = YES;
				"CODE_SIGN_IDENTITY[sdk=iphoneos*]" = "iPhone Developer";
				COPY_PHASE_STRIP = NO;
				ENABLE_STRICT_OBJC_MSGSEND = YES;
				GCC_C_LANGUAGE_STANDARD = gnu99;
				GCC_DYNAMIC_NO_PIC = NO;
				GCC_OPTIMIZATION_LEVEL = 0;
				GCC_PREPROCESSOR_DEFINITIONS = (
					"DEBUG=1",
					"$(inherited)",
				);
				GCC_SYMBOLS_PRIVATE_EXTERN = NO;
				GCC_WARN_64_TO_32_BIT_CONVERSION = YES;
				GCC_WARN_ABOUT_RETURN_TYPE = YES_ERROR;
				GCC_WARN_UNDECLARED_SELECTOR = YES;
				GCC_WARN_UNINITIALIZED_AUTOS = YES_AGGRESSIVE;
				GCC_WARN_UNUSED_FUNCTION = YES;
				GCC_WARN_UNUSED_VARIABLE = YES;
				IPHONEOS_DEPLOYMENT_TARGET = 7.1;
				MTL_ENABLE_DEBUG_INFO = YES;
				ONLY_ACTIVE_ARCH = YES;
				SDKROOT = iphoneos;
			};
			name = Debug;
		};
		A3162DE61A52D98D007F7010 /* Release */ = {
			isa = XCBuildConfiguration;
			buildSettings = {
				ALWAYS_SEARCH_USER_PATHS = NO;
				CLANG_CXX_LANGUAGE_STANDARD = "gnu++0x";
				CLANG_CXX_LIBRARY = "libc++";
				CLANG_ENABLE_MODULES = YES;
				CLANG_ENABLE_OBJC_ARC = YES;
				CLANG_WARN_BOOL_CONVERSION = YES;
				CLANG_WARN_CONSTANT_CONVERSION = YES;
				CLANG_WARN_DIRECT_OBJC_ISA_USAGE = YES_ERROR;
				CLANG_WARN_EMPTY_BODY = YES;
				CLANG_WARN_ENUM_CONVERSION = YES;
				CLANG_WARN_INT_CONVERSION = YES;
				CLANG_WARN_OBJC_ROOT_CLASS = YES_ERROR;
				CLANG_WARN_UNREACHABLE_CODE = YES;
				CLANG_WARN__DUPLICATE_METHOD_MATCH = YES;
				"CODE_SIGN_IDENTITY[sdk=iphoneos*]" = "iPhone Developer";
				COPY_PHASE_STRIP = YES;
				ENABLE_NS_ASSERTIONS = NO;
				ENABLE_STRICT_OBJC_MSGSEND = YES;
				GCC_C_LANGUAGE_STANDARD = gnu99;
				GCC_WARN_64_TO_32_BIT_CONVERSION = YES;
				GCC_WARN_ABOUT_RETURN_TYPE = YES_ERROR;
				GCC_WARN_UNDECLARED_SELECTOR = YES;
				GCC_WARN_UNINITIALIZED_AUTOS = YES_AGGRESSIVE;
				GCC_WARN_UNUSED_FUNCTION = YES;
				GCC_WARN_UNUSED_VARIABLE = YES;
				IPHONEOS_DEPLOYMENT_TARGET = 7.1;
				MTL_ENABLE_DEBUG_INFO = NO;
				SDKROOT = iphoneos;
				VALIDATE_PRODUCT = YES;
			};
			name = Release;
		};
		A3162DE81A52D98D007F7010 /* Debug */ = {
			isa = XCBuildConfiguration;
			buildSettings = {
				ASSETCATALOG_COMPILER_APPICON_NAME = AppIcon;
				INFOPLIST_FILE = "Revels'15/Info.plist";
				LD_RUNPATH_SEARCH_PATHS = "$(inherited) @executable_path/Frameworks";
				PRODUCT_NAME = "$(TARGET_NAME)";
			};
			name = Debug;
		};
		A3162DE91A52D98D007F7010 /* Release */ = {
			isa = XCBuildConfiguration;
			buildSettings = {
				ASSETCATALOG_COMPILER_APPICON_NAME = AppIcon;
				INFOPLIST_FILE = "Revels'15/Info.plist";
				LD_RUNPATH_SEARCH_PATHS = "$(inherited) @executable_path/Frameworks";
				PRODUCT_NAME = "$(TARGET_NAME)";
			};
			name = Release;
		};
		A3162DEB1A52D98D007F7010 /* Debug */ = {
			isa = XCBuildConfiguration;
			buildSettings = {
				BUNDLE_LOADER = "$(TEST_HOST)";
				FRAMEWORK_SEARCH_PATHS = (
					"$(SDKROOT)/Developer/Library/Frameworks",
					"$(inherited)",
				);
				GCC_PREPROCESSOR_DEFINITIONS = (
					"DEBUG=1",
					"$(inherited)",
				);
				INFOPLIST_FILE = "Revels'15Tests/Info.plist";
				LD_RUNPATH_SEARCH_PATHS = "$(inherited) @executable_path/Frameworks @loader_path/Frameworks";
				PRODUCT_NAME = "$(TARGET_NAME)";
				TEST_HOST = "$(BUILT_PRODUCTS_DIR)/Revels'15.app/Revels'15";
			};
			name = Debug;
		};
		A3162DEC1A52D98D007F7010 /* Release */ = {
			isa = XCBuildConfiguration;
			buildSettings = {
				BUNDLE_LOADER = "$(TEST_HOST)";
				FRAMEWORK_SEARCH_PATHS = (
					"$(SDKROOT)/Developer/Library/Frameworks",
					"$(inherited)",
				);
				INFOPLIST_FILE = "Revels'15Tests/Info.plist";
				LD_RUNPATH_SEARCH_PATHS = "$(inherited) @executable_path/Frameworks @loader_path/Frameworks";
				PRODUCT_NAME = "$(TARGET_NAME)";
				TEST_HOST = "$(BUILT_PRODUCTS_DIR)/Revels'15.app/Revels'15";
			};
			name = Release;
		};
/* End XCBuildConfiguration section */

/* Begin XCConfigurationList section */
		A3162DBF1A52D98D007F7010 /* Build configuration list for PBXProject "Revels'15" */ = {
			isa = XCConfigurationList;
			buildConfigurations = (
				A3162DE51A52D98D007F7010 /* Debug */,
				A3162DE61A52D98D007F7010 /* Release */,
			);
			defaultConfigurationIsVisible = 0;
			defaultConfigurationName = Release;
		};
		A3162DE71A52D98D007F7010 /* Build configuration list for PBXNativeTarget "Revels'15" */ = {
			isa = XCConfigurationList;
			buildConfigurations = (
				A3162DE81A52D98D007F7010 /* Debug */,
				A3162DE91A52D98D007F7010 /* Release */,
			);
			defaultConfigurationIsVisible = 0;
			defaultConfigurationName = Release;
		};
		A3162DEA1A52D98D007F7010 /* Build configuration list for PBXNativeTarget "Revels'15Tests" */ = {
			isa = XCConfigurationList;
			buildConfigurations = (
				A3162DEB1A52D98D007F7010 /* Debug */,
				A3162DEC1A52D98D007F7010 /* Release */,
			);
			defaultConfigurationIsVisible = 0;
			defaultConfigurationName = Release;
		};
/* End XCConfigurationList section */
	};
	rootObject = A3162DBC1A52D98D007F7010 /* Project object */;
}
