// !$*UTF8*$!
{
	archiveVersion = 1;
	classes = {
	};
	objectVersion = 46;
	objects = {

/* Begin PBXBuildFile section */
		A30141E11A64E8FF006C10C6 /* QuartzCore.framework in Frameworks */ = {isa = PBXBuildFile; fileRef = A30141DE1A64E8DB006C10C6 /* QuartzCore.framework */; };
		A3162DCA1A52D98D007F7010 /* main.m in Sources */ = {isa = PBXBuildFile; fileRef = A3162DC91A52D98D007F7010 /* main.m */; };
		A3162DCD1A52D98D007F7010 /* AppDelegate.m in Sources */ = {isa = PBXBuildFile; fileRef = A3162DCC1A52D98D007F7010 /* AppDelegate.m */; };
		A3162DD01A52D98D007F7010 /* ViewController.m in Sources */ = {isa = PBXBuildFile; fileRef = A3162DCF1A52D98D007F7010 /* ViewController.m */; };
		A3162DD31A52D98D007F7010 /* Main.storyboard in Resources */ = {isa = PBXBuildFile; fileRef = A3162DD11A52D98D007F7010 /* Main.storyboard */; };
		A3162DD51A52D98D007F7010 /* Images.xcassets in Resources */ = {isa = PBXBuildFile; fileRef = A3162DD41A52D98D007F7010 /* Images.xcassets */; };
		A3162DE41A52D98D007F7010 /* Revels_15Tests.m in Sources */ = {isa = PBXBuildFile; fileRef = A3162DE31A52D98D007F7010 /* Revels_15Tests.m */; };
		A3162DF01A52DB78007F7010 /* PageContentViewController.m in Sources */ = {isa = PBXBuildFile; fileRef = A3162DEF1A52DB78007F7010 /* PageContentViewController.m */; };
		A32AB5EC1A5C3D2800787CCD /* EventCell.xib in Resources */ = {isa = PBXBuildFile; fileRef = A32AB5EB1A5C3D2800787CCD /* EventCell.xib */; };
		A32AB5F21A5C404400787CCD /* Event.m in Sources */ = {isa = PBXBuildFile; fileRef = A32AB5F11A5C404400787CCD /* Event.m */; };
		A32AB5F91A5C414A00787CCD /* EventTableViewCell.m in Sources */ = {isa = PBXBuildFile; fileRef = A32AB5F81A5C414A00787CCD /* EventTableViewCell.m */; };
		A32AB5FC1A5C41F100787CCD /* SSJSONModel.m in Sources */ = {isa = PBXBuildFile; fileRef = A32AB5FB1A5C41F100787CCD /* SSJSONModel.m */; };
		A32B4F111A7652C8006AC08E /* ResultsViewController.m in Sources */ = {isa = PBXBuildFile; fileRef = A32B4F101A7652C8006AC08E /* ResultsViewController.m */; };
		A32B4F151A7656BF006AC08E /* ResultsTableViewCell.m in Sources */ = {isa = PBXBuildFile; fileRef = A32B4F141A7656BF006AC08E /* ResultsTableViewCell.m */; };
		A32D98FB1A755B63007A3D4A /* ImageDisplayViewController.m in Sources */ = {isa = PBXBuildFile; fileRef = A32D98FA1A755B63007A3D4A /* ImageDisplayViewController.m */; };
		A334C66F1A891C4C00143F9C /* 3.png in Resources */ = {isa = PBXBuildFile; fileRef = A334C6691A891C4C00143F9C /* 3.png */; };
		A334C6701A891C4C00143F9C /* 4.png in Resources */ = {isa = PBXBuildFile; fileRef = A334C66A1A891C4C00143F9C /* 4.png */; };
		A334C6711A891C4C00143F9C /* 5.png in Resources */ = {isa = PBXBuildFile; fileRef = A334C66B1A891C4C00143F9C /* 5.png */; };
		A334C6721A891C4C00143F9C /* 6.png in Resources */ = {isa = PBXBuildFile; fileRef = A334C66C1A891C4C00143F9C /* 6.png */; };
		A334C6731A891C4C00143F9C /* 7.png in Resources */ = {isa = PBXBuildFile; fileRef = A334C66D1A891C4C00143F9C /* 7.png */; };
		A334C6741A891C4C00143F9C /* 8.png in Resources */ = {isa = PBXBuildFile; fileRef = A334C66E1A891C4C00143F9C /* 8.png */; };
		A334C6761A89276000143F9C /* linuxtux.png in Resources */ = {isa = PBXBuildFile; fileRef = A334C6751A89276000143F9C /* linuxtux.png */; };
		A334C6781A89282E00143F9C /* github-50.png in Resources */ = {isa = PBXBuildFile; fileRef = A334C6771A89282E00143F9C /* github-50.png */; };
		A334C67C1A892EB700143F9C /* facebookButton.png in Resources */ = {isa = PBXBuildFile; fileRef = A334C67B1A892EB700143F9C /* facebookButton.png */; };
		A334C67E1A892F8900143F9C /* revelsSplashLogo.png in Resources */ = {isa = PBXBuildFile; fileRef = A334C67D1A892F8900143F9C /* revelsSplashLogo.png */; };
		A33AD7171A87947F00D43311 /* following2.png in Resources */ = {isa = PBXBuildFile; fileRef = A33AD7141A87947F00D43311 /* following2.png */; };
		A33AD7181A87947F00D43311 /* results2.png in Resources */ = {isa = PBXBuildFile; fileRef = A33AD7151A87947F00D43311 /* results2.png */; };
		A33AD7191A87947F00D43311 /* team2.png in Resources */ = {isa = PBXBuildFile; fileRef = A33AD7161A87947F00D43311 /* team2.png */; };
		A33AD71B1A87955F00D43311 /* devimg4.png in Resources */ = {isa = PBXBuildFile; fileRef = A33AD71A1A87955F00D43311 /* devimg4.png */; };
		A35D35971A68409C008CFF49 /* ViewPagerController.m in Sources */ = {isa = PBXBuildFile; fileRef = A35D35961A68409C008CFF49 /* ViewPagerController.m */; };
		A360D5B01A8E8D9B00DFB6A5 /* Images-2.xcassets in Resources */ = {isa = PBXBuildFile; fileRef = A360D5AF1A8E8D9B00DFB6A5 /* Images-2.xcassets */; };
		A3649CA01A9E011F003810E5 /* Phone1-50.png in Resources */ = {isa = PBXBuildFile; fileRef = A3649C9F1A9E011F003810E5 /* Phone1-50.png */; };
		A36A132E1A6ECA0400C74FB7 /* Reachability.m in Sources */ = {isa = PBXBuildFile; fileRef = A36A132D1A6ECA0400C74FB7 /* Reachability.m */; };
		A3711F8D1A67E7380021A926 /* PQFCirclesInTriangle.m in Sources */ = {isa = PBXBuildFile; fileRef = A3711F891A67E7380021A926 /* PQFCirclesInTriangle.m */; };
		A3711F901A67E7B60021A926 /* UIColor+FlatColors.m in Sources */ = {isa = PBXBuildFile; fileRef = A3711F8F1A67E7B60021A926 /* UIColor+FlatColors.m */; };
		A37694B91A7027B0007720C3 /* SavedEvent.m in Sources */ = {isa = PBXBuildFile; fileRef = A37694B81A7027B0007720C3 /* SavedEvent.m */; };
		A37887861A88F6A1007CA9D2 /* EasterEggViewController.m in Sources */ = {isa = PBXBuildFile; fileRef = A37887851A88F6A1007CA9D2 /* EasterEggViewController.m */; };
		A3A954521A87B0FB005CFAC5 /* bg1.png in Resources */ = {isa = PBXBuildFile; fileRef = A3A954511A87B0FB005CFAC5 /* bg1.png */; };
		A3AFE2081A6955B100E86323 /* InstaFeedTableViewCell.m in Sources */ = {isa = PBXBuildFile; fileRef = A3AFE2071A6955B100E86323 /* InstaFeedTableViewCell.m */; };
		A3AFE20E1A69566300E86323 /* InstaFeedUser.m in Sources */ = {isa = PBXBuildFile; fileRef = A3AFE20D1A69566300E86323 /* InstaFeedUser.m */; };
		A3AFE2121A69576600E86323 /* InstaFeedImage.m in Sources */ = {isa = PBXBuildFile; fileRef = A3AFE2111A69576600E86323 /* InstaFeedImage.m */; };
		A3B10ADF1A872B6C001668E1 /* DeveloperViewController.m in Sources */ = {isa = PBXBuildFile; fileRef = A3B10ADE1A872B6C001668E1 /* DeveloperViewController.m */; };
		A3B10AE21A873409001668E1 /* DeveloperView.xib in Resources */ = {isa = PBXBuildFile; fileRef = A3B10AE11A873409001668E1 /* DeveloperView.xib */; };
		A3B10AE51A873537001668E1 /* DeveloperView.m in Sources */ = {isa = PBXBuildFile; fileRef = A3B10AE41A873537001668E1 /* DeveloperView.m */; };
		A3B10AE71A874127001668E1 /* devimg.png in Resources */ = {isa = PBXBuildFile; fileRef = A3B10AE61A874127001668E1 /* devimg.png */; };
		A3B93E461B31E9DC00C676B3 /* NewRelicAgent.framework in Frameworks */ = {isa = PBXBuildFile; fileRef = A3B93E451B31E9DC00C676B3 /* NewRelicAgent.framework */; };
		A3B93E481B31E9EF00C676B3 /* CoreTelephony.framework in Frameworks */ = {isa = PBXBuildFile; fileRef = A3B93E471B31E9EF00C676B3 /* CoreTelephony.framework */; };
		A3B93E4A1B31E9FB00C676B3 /* SystemConfiguration.framework in Frameworks */ = {isa = PBXBuildFile; fileRef = A3B93E491B31E9FB00C676B3 /* SystemConfiguration.framework */; };
		A3B93E4C1B31EA0600C676B3 /* libc++.dylib in Frameworks */ = {isa = PBXBuildFile; fileRef = A3B93E4B1B31EA0600C676B3 /* libc++.dylib */; };
		A3B93E4E1B31EA1000C676B3 /* libz.dylib in Frameworks */ = {isa = PBXBuildFile; fileRef = A3B93E4D1B31EA1000C676B3 /* libz.dylib */; };
		A3BADF031A7901CF00FB3F90 /* ResultCell.xib in Resources */ = {isa = PBXBuildFile; fileRef = A3BADF021A7901CF00FB3F90 /* ResultCell.xib */; };
		A3BBF9F51A693D8D00E63308 /* Categories.m in Sources */ = {isa = PBXBuildFile; fileRef = A3BBF9F41A693D8D00E63308 /* Categories.m */; };
		A3BBF9F81A69539B00E63308 /* instacell.xib in Resources */ = {isa = PBXBuildFile; fileRef = A3BBF9F71A69539B00E63308 /* instacell.xib */; };
		A3C6C5301A6E1A7900BB66B1 /* MBProgressHUD.m in Sources */ = {isa = PBXBuildFile; fileRef = A3C6C52F1A6E1A7900BB66B1 /* MBProgressHUD.m */; };
		A3D03F8D1A74BCA2005F016E /* ic_location.png in Resources */ = {isa = PBXBuildFile; fileRef = A3D03F8C1A74BCA2005F016E /* ic_location.png */; };
		A3D03F8F1A74BD0E005F016E /* ic_time.png in Resources */ = {isa = PBXBuildFile; fileRef = A3D03F8E1A74BD0E005F016E /* ic_time.png */; };
		A3D03F911A74BD18005F016E /* ic_date.png in Resources */ = {isa = PBXBuildFile; fileRef = A3D03F901A74BD18005F016E /* ic_date.png */; };
		A3D03F931A74BE35005F016E /* ic_contact.png in Resources */ = {isa = PBXBuildFile; fileRef = A3D03F921A74BE35005F016E /* ic_contact.png */; };
		A3DC74191A6D41DE00B3ACBA /* Revels_CoreDataModel.xcdatamodeld in Sources */ = {isa = PBXBuildFile; fileRef = A3DC74171A6D41DE00B3ACBA /* Revels_CoreDataModel.xcdatamodeld */; };
		A3DC74231A6D435B00B3ACBA /* CoreDataHelper.m in Sources */ = {isa = PBXBuildFile; fileRef = A3DC74221A6D435B00B3ACBA /* CoreDataHelper.m */; };
		A3DC74261A6D44C100B3ACBA /* Following.m in Sources */ = {isa = PBXBuildFile; fileRef = A3DC74251A6D44C100B3ACBA /* Following.m */; };
		A3DC74291A6D4B6C00B3ACBA /* FollowingViewController.m in Sources */ = {isa = PBXBuildFile; fileRef = A3DC74281A6D4B6C00B3ACBA /* FollowingViewController.m */; };
		A3DC742F1A6D6D1C00B3ACBA /* CoreData.framework in Frameworks */ = {isa = PBXBuildFile; fileRef = A3DC742D1A6D6D0600B3ACBA /* CoreData.framework */; };
		A3E07C561A6C21C400CB1420 /* CellOptionView.xib in Resources */ = {isa = PBXBuildFile; fileRef = A3E07C551A6C21C400CB1420 /* CellOptionView.xib */; };
		A3E07C591A6C25BD00CB1420 /* CellOptionView.m in Sources */ = {isa = PBXBuildFile; fileRef = A3E07C581A6C25BD00CB1420 /* CellOptionView.m */; };
		A3EA5E7D1A5542A2001DA8FD /* MenuOptions.xib in Resources */ = {isa = PBXBuildFile; fileRef = A3EA5E7C1A5542A2001DA8FD /* MenuOptions.xib */; };
		A3EA5E801A554355001DA8FD /* MenuOptions.m in Sources */ = {isa = PBXBuildFile; fileRef = A3EA5E7F1A554355001DA8FD /* MenuOptions.m */; };
		A3EE34EB1A69748000BAB7AE /* InstafeedViewController.m in Sources */ = {isa = PBXBuildFile; fileRef = A3EE34EA1A69748000BAB7AE /* InstafeedViewController.m */; };
		A3EE350E1A697F0200BAB7AE /* MKAnnotationView+WebCache.m in Sources */ = {isa = PBXBuildFile; fileRef = A3EE34EE1A697F0200BAB7AE /* MKAnnotationView+WebCache.m */; };
		A3EE350F1A697F0200BAB7AE /* NSData+ImageContentType.m in Sources */ = {isa = PBXBuildFile; fileRef = A3EE34F01A697F0200BAB7AE /* NSData+ImageContentType.m */; };
		A3EE35101A697F0200BAB7AE /* SDImageCache.m in Sources */ = {isa = PBXBuildFile; fileRef = A3EE34F21A697F0200BAB7AE /* SDImageCache.m */; };
		A3EE35111A697F0200BAB7AE /* SDWebImageCompat.m in Sources */ = {isa = PBXBuildFile; fileRef = A3EE34F41A697F0200BAB7AE /* SDWebImageCompat.m */; };
		A3EE35121A697F0200BAB7AE /* SDWebImageDecoder.m in Sources */ = {isa = PBXBuildFile; fileRef = A3EE34F61A697F0200BAB7AE /* SDWebImageDecoder.m */; };
		A3EE35131A697F0200BAB7AE /* SDWebImageDownloader.m in Sources */ = {isa = PBXBuildFile; fileRef = A3EE34F81A697F0200BAB7AE /* SDWebImageDownloader.m */; };
		A3EE35141A697F0200BAB7AE /* SDWebImageDownloaderOperation.m in Sources */ = {isa = PBXBuildFile; fileRef = A3EE34FA1A697F0200BAB7AE /* SDWebImageDownloaderOperation.m */; };
		A3EE35151A697F0200BAB7AE /* SDWebImageManager.m in Sources */ = {isa = PBXBuildFile; fileRef = A3EE34FC1A697F0200BAB7AE /* SDWebImageManager.m */; };
		A3EE35161A697F0200BAB7AE /* SDWebImagePrefetcher.m in Sources */ = {isa = PBXBuildFile; fileRef = A3EE34FF1A697F0200BAB7AE /* SDWebImagePrefetcher.m */; };
		A3EE35171A697F0200BAB7AE /* UIButton+WebCache.m in Sources */ = {isa = PBXBuildFile; fileRef = A3EE35011A697F0200BAB7AE /* UIButton+WebCache.m */; };
		A3EE35181A697F0200BAB7AE /* UIImage+GIF.m in Sources */ = {isa = PBXBuildFile; fileRef = A3EE35031A697F0200BAB7AE /* UIImage+GIF.m */; };
		A3EE35191A697F0200BAB7AE /* UIImage+MultiFormat.m in Sources */ = {isa = PBXBuildFile; fileRef = A3EE35051A697F0200BAB7AE /* UIImage+MultiFormat.m */; };
		A3EE351A1A697F0200BAB7AE /* UIImage+WebP.m in Sources */ = {isa = PBXBuildFile; fileRef = A3EE35071A697F0200BAB7AE /* UIImage+WebP.m */; };
		A3EE351B1A697F0200BAB7AE /* UIImageView+HighlightedWebCache.m in Sources */ = {isa = PBXBuildFile; fileRef = A3EE35091A697F0200BAB7AE /* UIImageView+HighlightedWebCache.m */; };
		A3EE351C1A697F0200BAB7AE /* UIImageView+WebCache.m in Sources */ = {isa = PBXBuildFile; fileRef = A3EE350B1A697F0200BAB7AE /* UIImageView+WebCache.m */; };
		A3EE351D1A697F0200BAB7AE /* UIView+WebCacheOperation.m in Sources */ = {isa = PBXBuildFile; fileRef = A3EE350D1A697F0200BAB7AE /* UIView+WebCacheOperation.m */; };
		A3F0313A1A6FE15E0037010F /* SavedCategory.m in Sources */ = {isa = PBXBuildFile; fileRef = A3F031391A6FE15E0037010F /* SavedCategory.m */; };
		A3F67F001A6A98660057422B /* SplashScreenViewController.m in Sources */ = {isa = PBXBuildFile; fileRef = A3F67EFF1A6A98660057422B /* SplashScreenViewController.m */; };
/* End PBXBuildFile section */

/* Begin PBXContainerItemProxy section */
		A3162DDE1A52D98D007F7010 /* PBXContainerItemProxy */ = {
			isa = PBXContainerItemProxy;
			containerPortal = A3162DBC1A52D98D007F7010 /* Project object */;
			proxyType = 1;
			remoteGlobalIDString = A3162DC31A52D98D007F7010;
			remoteInfo = "Revels'15";
		};
/* End PBXContainerItemProxy section */

/* Begin PBXFileReference section */
		A30141DE1A64E8DB006C10C6 /* QuartzCore.framework */ = {isa = PBXFileReference; lastKnownFileType = wrapper.framework; name = QuartzCore.framework; path = System/Library/Frameworks/QuartzCore.framework; sourceTree = SDKROOT; };
		A3162DC41A52D98D007F7010 /* Revels'15.app */ = {isa = PBXFileReference; explicitFileType = wrapper.application; includeInIndex = 0; path = "Revels'15.app"; sourceTree = BUILT_PRODUCTS_DIR; };
		A3162DC81A52D98D007F7010 /* Info.plist */ = {isa = PBXFileReference; lastKnownFileType = text.plist.xml; path = Info.plist; sourceTree = "<group>"; };
		A3162DC91A52D98D007F7010 /* main.m */ = {isa = PBXFileReference; lastKnownFileType = sourcecode.c.objc; path = main.m; sourceTree = "<group>"; };
		A3162DCB1A52D98D007F7010 /* AppDelegate.h */ = {isa = PBXFileReference; lastKnownFileType = sourcecode.c.h; path = AppDelegate.h; sourceTree = "<group>"; };
		A3162DCC1A52D98D007F7010 /* AppDelegate.m */ = {isa = PBXFileReference; lastKnownFileType = sourcecode.c.objc; path = AppDelegate.m; sourceTree = "<group>"; };
		A3162DCE1A52D98D007F7010 /* ViewController.h */ = {isa = PBXFileReference; lastKnownFileType = sourcecode.c.h; path = ViewController.h; sourceTree = "<group>"; };
		A3162DCF1A52D98D007F7010 /* ViewController.m */ = {isa = PBXFileReference; lastKnownFileType = sourcecode.c.objc; path = ViewController.m; sourceTree = "<group>"; };
		A3162DD21A52D98D007F7010 /* Base */ = {isa = PBXFileReference; lastKnownFileType = file.storyboard; name = Base; path = Base.lproj/Main.storyboard; sourceTree = "<group>"; };
		A3162DD41A52D98D007F7010 /* Images.xcassets */ = {isa = PBXFileReference; lastKnownFileType = folder.assetcatalog; path = Images.xcassets; sourceTree = "<group>"; };
		A3162DDD1A52D98D007F7010 /* Revels'15Tests.xctest */ = {isa = PBXFileReference; explicitFileType = wrapper.cfbundle; includeInIndex = 0; path = "Revels'15Tests.xctest"; sourceTree = BUILT_PRODUCTS_DIR; };
		A3162DE21A52D98D007F7010 /* Info.plist */ = {isa = PBXFileReference; lastKnownFileType = text.plist.xml; path = Info.plist; sourceTree = "<group>"; };
		A3162DE31A52D98D007F7010 /* Revels_15Tests.m */ = {isa = PBXFileReference; lastKnownFileType = sourcecode.c.objc; path = Revels_15Tests.m; sourceTree = "<group>"; };
		A3162DEE1A52DB78007F7010 /* PageContentViewController.h */ = {isa = PBXFileReference; fileEncoding = 4; lastKnownFileType = sourcecode.c.h; path = PageContentViewController.h; sourceTree = "<group>"; };
		A3162DEF1A52DB78007F7010 /* PageContentViewController.m */ = {isa = PBXFileReference; fileEncoding = 4; lastKnownFileType = sourcecode.c.objc; path = PageContentViewController.m; sourceTree = "<group>"; };
		A32AB5EB1A5C3D2800787CCD /* EventCell.xib */ = {isa = PBXFileReference; fileEncoding = 4; lastKnownFileType = file.xib; path = EventCell.xib; sourceTree = "<group>"; };
		A32AB5F01A5C404400787CCD /* Event.h */ = {isa = PBXFileReference; fileEncoding = 4; lastKnownFileType = sourcecode.c.h; path = Event.h; sourceTree = "<group>"; };
		A32AB5F11A5C404400787CCD /* Event.m */ = {isa = PBXFileReference; fileEncoding = 4; lastKnownFileType = sourcecode.c.objc; path = Event.m; sourceTree = "<group>"; };
		A32AB5F71A5C414A00787CCD /* EventTableViewCell.h */ = {isa = PBXFileReference; fileEncoding = 4; lastKnownFileType = sourcecode.c.h; path = EventTableViewCell.h; sourceTree = "<group>"; };
		A32AB5F81A5C414A00787CCD /* EventTableViewCell.m */ = {isa = PBXFileReference; fileEncoding = 4; lastKnownFileType = sourcecode.c.objc; path = EventTableViewCell.m; sourceTree = "<group>"; };
		A32AB5FA1A5C41F100787CCD /* SSJSONModel.h */ = {isa = PBXFileReference; fileEncoding = 4; lastKnownFileType = sourcecode.c.h; path = SSJSONModel.h; sourceTree = "<group>"; };
		A32AB5FB1A5C41F100787CCD /* SSJSONModel.m */ = {isa = PBXFileReference; fileEncoding = 4; lastKnownFileType = sourcecode.c.objc; path = SSJSONModel.m; sourceTree = "<group>"; };
		A32B4F0F1A7652C8006AC08E /* ResultsViewController.h */ = {isa = PBXFileReference; fileEncoding = 4; lastKnownFileType = sourcecode.c.h; path = ResultsViewController.h; sourceTree = "<group>"; };
		A32B4F101A7652C8006AC08E /* ResultsViewController.m */ = {isa = PBXFileReference; fileEncoding = 4; lastKnownFileType = sourcecode.c.objc; path = ResultsViewController.m; sourceTree = "<group>"; };
		A32B4F131A7656BF006AC08E /* ResultsTableViewCell.h */ = {isa = PBXFileReference; fileEncoding = 4; lastKnownFileType = sourcecode.c.h; path = ResultsTableViewCell.h; sourceTree = "<group>"; };
		A32B4F141A7656BF006AC08E /* ResultsTableViewCell.m */ = {isa = PBXFileReference; fileEncoding = 4; lastKnownFileType = sourcecode.c.objc; path = ResultsTableViewCell.m; sourceTree = "<group>"; };
		A32D98F91A755B63007A3D4A /* ImageDisplayViewController.h */ = {isa = PBXFileReference; fileEncoding = 4; lastKnownFileType = sourcecode.c.h; path = ImageDisplayViewController.h; sourceTree = "<group>"; };
		A32D98FA1A755B63007A3D4A /* ImageDisplayViewController.m */ = {isa = PBXFileReference; fileEncoding = 4; lastKnownFileType = sourcecode.c.objc; path = ImageDisplayViewController.m; sourceTree = "<group>"; };
		A334C6691A891C4C00143F9C /* 3.png */ = {isa = PBXFileReference; lastKnownFileType = image.png; path = 3.png; sourceTree = "<group>"; };
		A334C66A1A891C4C00143F9C /* 4.png */ = {isa = PBXFileReference; lastKnownFileType = image.png; path = 4.png; sourceTree = "<group>"; };
		A334C66B1A891C4C00143F9C /* 5.png */ = {isa = PBXFileReference; lastKnownFileType = image.png; path = 5.png; sourceTree = "<group>"; };
		A334C66C1A891C4C00143F9C /* 6.png */ = {isa = PBXFileReference; lastKnownFileType = image.png; path = 6.png; sourceTree = "<group>"; };
		A334C66D1A891C4C00143F9C /* 7.png */ = {isa = PBXFileReference; lastKnownFileType = image.png; path = 7.png; sourceTree = "<group>"; };
		A334C66E1A891C4C00143F9C /* 8.png */ = {isa = PBXFileReference; lastKnownFileType = image.png; path = 8.png; sourceTree = "<group>"; };
		A334C6751A89276000143F9C /* linuxtux.png */ = {isa = PBXFileReference; lastKnownFileType = image.png; path = linuxtux.png; sourceTree = "<group>"; };
		A334C6771A89282E00143F9C /* github-50.png */ = {isa = PBXFileReference; lastKnownFileType = image.png; path = "github-50.png"; sourceTree = "<group>"; };
		A334C67B1A892EB700143F9C /* facebookButton.png */ = {isa = PBXFileReference; lastKnownFileType = image.png; path = facebookButton.png; sourceTree = "<group>"; };
		A334C67D1A892F8900143F9C /* revelsSplashLogo.png */ = {isa = PBXFileReference; lastKnownFileType = image.png; path = revelsSplashLogo.png; sourceTree = "<group>"; };
		A33AD7141A87947F00D43311 /* following2.png */ = {isa = PBXFileReference; lastKnownFileType = image.png; path = following2.png; sourceTree = "<group>"; };
		A33AD7151A87947F00D43311 /* results2.png */ = {isa = PBXFileReference; lastKnownFileType = image.png; path = results2.png; sourceTree = "<group>"; };
		A33AD7161A87947F00D43311 /* team2.png */ = {isa = PBXFileReference; lastKnownFileType = image.png; path = team2.png; sourceTree = "<group>"; };
		A33AD71A1A87955F00D43311 /* devimg4.png */ = {isa = PBXFileReference; lastKnownFileType = image.png; path = devimg4.png; sourceTree = "<group>"; };
		A35D35951A68409C008CFF49 /* ViewPagerController.h */ = {isa = PBXFileReference; fileEncoding = 4; lastKnownFileType = sourcecode.c.h; path = ViewPagerController.h; sourceTree = "<group>"; };
		A35D35961A68409C008CFF49 /* ViewPagerController.m */ = {isa = PBXFileReference; fileEncoding = 4; lastKnownFileType = sourcecode.c.objc; path = ViewPagerController.m; sourceTree = "<group>"; };
		A360D5AF1A8E8D9B00DFB6A5 /* Images-2.xcassets */ = {isa = PBXFileReference; lastKnownFileType = folder.assetcatalog; path = "Images-2.xcassets"; sourceTree = "<group>"; };
		A3649C9F1A9E011F003810E5 /* Phone1-50.png */ = {isa = PBXFileReference; lastKnownFileType = image.png; path = "Phone1-50.png"; sourceTree = "<group>"; };
		A36A132C1A6ECA0400C74FB7 /* Reachability.h */ = {isa = PBXFileReference; fileEncoding = 4; lastKnownFileType = sourcecode.c.h; path = Reachability.h; sourceTree = "<group>"; };
		A36A132D1A6ECA0400C74FB7 /* Reachability.m */ = {isa = PBXFileReference; fileEncoding = 4; lastKnownFileType = sourcecode.c.objc; path = Reachability.m; sourceTree = "<group>"; };
		A3711F881A67E7380021A926 /* PQFCirclesInTriangle.h */ = {isa = PBXFileReference; fileEncoding = 4; lastKnownFileType = sourcecode.c.h; path = PQFCirclesInTriangle.h; sourceTree = "<group>"; };
		A3711F891A67E7380021A926 /* PQFCirclesInTriangle.m */ = {isa = PBXFileReference; fileEncoding = 4; lastKnownFileType = sourcecode.c.objc; path = PQFCirclesInTriangle.m; sourceTree = "<group>"; };
		A3711F8A1A67E7380021A926 /* PQFCustomLoaders.h */ = {isa = PBXFileReference; fileEncoding = 4; lastKnownFileType = sourcecode.c.h; path = PQFCustomLoaders.h; sourceTree = "<group>"; };
		A3711F8E1A67E7B60021A926 /* UIColor+FlatColors.h */ = {isa = PBXFileReference; fileEncoding = 4; lastKnownFileType = sourcecode.c.h; path = "UIColor+FlatColors.h"; sourceTree = "<group>"; };
		A3711F8F1A67E7B60021A926 /* UIColor+FlatColors.m */ = {isa = PBXFileReference; fileEncoding = 4; lastKnownFileType = sourcecode.c.objc; path = "UIColor+FlatColors.m"; sourceTree = "<group>"; };
		A37694B71A7027B0007720C3 /* SavedEvent.h */ = {isa = PBXFileReference; fileEncoding = 4; lastKnownFileType = sourcecode.c.h; path = SavedEvent.h; sourceTree = "<group>"; };
		A37694B81A7027B0007720C3 /* SavedEvent.m */ = {isa = PBXFileReference; fileEncoding = 4; lastKnownFileType = sourcecode.c.objc; path = SavedEvent.m; sourceTree = "<group>"; };
		A37887841A88F6A1007CA9D2 /* EasterEggViewController.h */ = {isa = PBXFileReference; fileEncoding = 4; lastKnownFileType = sourcecode.c.h; path = EasterEggViewController.h; sourceTree = "<group>"; };
		A37887851A88F6A1007CA9D2 /* EasterEggViewController.m */ = {isa = PBXFileReference; fileEncoding = 4; lastKnownFileType = sourcecode.c.objc; path = EasterEggViewController.m; sourceTree = "<group>"; };
		A3A954511A87B0FB005CFAC5 /* bg1.png */ = {isa = PBXFileReference; lastKnownFileType = image.png; path = bg1.png; sourceTree = "<group>"; };
		A3AFE2061A6955B100E86323 /* InstaFeedTableViewCell.h */ = {isa = PBXFileReference; fileEncoding = 4; lastKnownFileType = sourcecode.c.h; path = InstaFeedTableViewCell.h; sourceTree = "<group>"; };
		A3AFE2071A6955B100E86323 /* InstaFeedTableViewCell.m */ = {isa = PBXFileReference; fileEncoding = 4; lastKnownFileType = sourcecode.c.objc; path = InstaFeedTableViewCell.m; sourceTree = "<group>"; };
		A3AFE20C1A69566300E86323 /* InstaFeedUser.h */ = {isa = PBXFileReference; fileEncoding = 4; lastKnownFileType = sourcecode.c.h; path = InstaFeedUser.h; sourceTree = "<group>"; };
		A3AFE20D1A69566300E86323 /* InstaFeedUser.m */ = {isa = PBXFileReference; fileEncoding = 4; lastKnownFileType = sourcecode.c.objc; path = InstaFeedUser.m; sourceTree = "<group>"; };
		A3AFE2101A69576600E86323 /* InstaFeedImage.h */ = {isa = PBXFileReference; fileEncoding = 4; lastKnownFileType = sourcecode.c.h; path = InstaFeedImage.h; sourceTree = "<group>"; };
		A3AFE2111A69576600E86323 /* InstaFeedImage.m */ = {isa = PBXFileReference; fileEncoding = 4; lastKnownFileType = sourcecode.c.objc; path = InstaFeedImage.m; sourceTree = "<group>"; };
		A3B10ADD1A872B6C001668E1 /* DeveloperViewController.h */ = {isa = PBXFileReference; fileEncoding = 4; lastKnownFileType = sourcecode.c.h; path = DeveloperViewController.h; sourceTree = "<group>"; };
		A3B10ADE1A872B6C001668E1 /* DeveloperViewController.m */ = {isa = PBXFileReference; fileEncoding = 4; lastKnownFileType = sourcecode.c.objc; path = DeveloperViewController.m; sourceTree = "<group>"; };
		A3B10AE11A873409001668E1 /* DeveloperView.xib */ = {isa = PBXFileReference; fileEncoding = 4; lastKnownFileType = file.xib; path = DeveloperView.xib; sourceTree = "<group>"; };
		A3B10AE31A873537001668E1 /* DeveloperView.h */ = {isa = PBXFileReference; fileEncoding = 4; lastKnownFileType = sourcecode.c.h; path = DeveloperView.h; sourceTree = "<group>"; };
		A3B10AE41A873537001668E1 /* DeveloperView.m */ = {isa = PBXFileReference; fileEncoding = 4; lastKnownFileType = sourcecode.c.objc; path = DeveloperView.m; sourceTree = "<group>"; };
		A3B10AE61A874127001668E1 /* devimg.png */ = {isa = PBXFileReference; lastKnownFileType = image.png; path = devimg.png; sourceTree = "<group>"; };
		A3B93E451B31E9DC00C676B3 /* NewRelicAgent.framework */ = {isa = PBXFileReference; lastKnownFileType = wrapper.framework; path = NewRelicAgent.framework; sourceTree = "<group>"; };
		A3B93E471B31E9EF00C676B3 /* CoreTelephony.framework */ = {isa = PBXFileReference; lastKnownFileType = wrapper.framework; name = CoreTelephony.framework; path = System/Library/Frameworks/CoreTelephony.framework; sourceTree = SDKROOT; };
		A3B93E491B31E9FB00C676B3 /* SystemConfiguration.framework */ = {isa = PBXFileReference; lastKnownFileType = wrapper.framework; name = SystemConfiguration.framework; path = System/Library/Frameworks/SystemConfiguration.framework; sourceTree = SDKROOT; };
		A3B93E4B1B31EA0600C676B3 /* libc++.dylib */ = {isa = PBXFileReference; lastKnownFileType = "compiled.mach-o.dylib"; name = "libc++.dylib"; path = "usr/lib/libc++.dylib"; sourceTree = SDKROOT; };
		A3B93E4D1B31EA1000C676B3 /* libz.dylib */ = {isa = PBXFileReference; lastKnownFileType = "compiled.mach-o.dylib"; name = libz.dylib; path = usr/lib/libz.dylib; sourceTree = SDKROOT; };
		A3B93E4F1B31EAB600C676B3 /* Revels'15-Prefix.pch */ = {isa = PBXFileReference; lastKnownFileType = sourcecode.c.h; path = "Revels'15-Prefix.pch"; sourceTree = "<group>"; };
		A3BADF021A7901CF00FB3F90 /* ResultCell.xib */ = {isa = PBXFileReference; fileEncoding = 4; lastKnownFileType = file.xib; path = ResultCell.xib; sourceTree = "<group>"; };
		A3BBF9F31A693D8D00E63308 /* Categories.h */ = {isa = PBXFileReference; fileEncoding = 4; lastKnownFileType = sourcecode.c.h; path = Categories.h; sourceTree = "<group>"; };
		A3BBF9F41A693D8D00E63308 /* Categories.m */ = {isa = PBXFileReference; fileEncoding = 4; lastKnownFileType = sourcecode.c.objc; path = Categories.m; sourceTree = "<group>"; };
		A3BBF9F71A69539B00E63308 /* instacell.xib */ = {isa = PBXFileReference; fileEncoding = 4; lastKnownFileType = file.xib; path = instacell.xib; sourceTree = "<group>"; };
		A3C6C52E1A6E1A7900BB66B1 /* MBProgressHUD.h */ = {isa = PBXFileReference; fileEncoding = 4; lastKnownFileType = sourcecode.c.h; path = MBProgressHUD.h; sourceTree = "<group>"; };
		A3C6C52F1A6E1A7900BB66B1 /* MBProgressHUD.m */ = {isa = PBXFileReference; fileEncoding = 4; lastKnownFileType = sourcecode.c.objc; path = MBProgressHUD.m; sourceTree = "<group>"; };
		A3D03F8C1A74BCA2005F016E /* ic_location.png */ = {isa = PBXFileReference; lastKnownFileType = image.png; path = ic_location.png; sourceTree = "<group>"; };
		A3D03F8E1A74BD0E005F016E /* ic_time.png */ = {isa = PBXFileReference; lastKnownFileType = image.png; path = ic_time.png; sourceTree = "<group>"; };
		A3D03F901A74BD18005F016E /* ic_date.png */ = {isa = PBXFileReference; lastKnownFileType = image.png; path = ic_date.png; sourceTree = "<group>"; };
		A3D03F921A74BE35005F016E /* ic_contact.png */ = {isa = PBXFileReference; lastKnownFileType = image.png; path = ic_contact.png; sourceTree = "<group>"; };
		A3DC74181A6D41DE00B3ACBA /* Revels_CoreDataModel.xcdatamodel */ = {isa = PBXFileReference; lastKnownFileType = wrapper.xcdatamodel; path = Revels_CoreDataModel.xcdatamodel; sourceTree = "<group>"; };
		A3DC74211A6D435B00B3ACBA /* CoreDataHelper.h */ = {isa = PBXFileReference; fileEncoding = 4; lastKnownFileType = sourcecode.c.h; path = CoreDataHelper.h; sourceTree = "<group>"; };
		A3DC74221A6D435B00B3ACBA /* CoreDataHelper.m */ = {isa = PBXFileReference; fileEncoding = 4; lastKnownFileType = sourcecode.c.objc; path = CoreDataHelper.m; sourceTree = "<group>"; };
		A3DC74241A6D44C100B3ACBA /* Following.h */ = {isa = PBXFileReference; fileEncoding = 4; lastKnownFileType = sourcecode.c.h; path = Following.h; sourceTree = "<group>"; };
		A3DC74251A6D44C100B3ACBA /* Following.m */ = {isa = PBXFileReference; fileEncoding = 4; lastKnownFileType = sourcecode.c.objc; path = Following.m; sourceTree = "<group>"; };
		A3DC74271A6D4B6C00B3ACBA /* FollowingViewController.h */ = {isa = PBXFileReference; fileEncoding = 4; lastKnownFileType = sourcecode.c.h; path = FollowingViewController.h; sourceTree = "<group>"; };
		A3DC74281A6D4B6C00B3ACBA /* FollowingViewController.m */ = {isa = PBXFileReference; fileEncoding = 4; lastKnownFileType = sourcecode.c.objc; path = FollowingViewController.m; sourceTree = "<group>"; };
		A3DC742D1A6D6D0600B3ACBA /* CoreData.framework */ = {isa = PBXFileReference; lastKnownFileType = wrapper.framework; name = CoreData.framework; path = System/Library/Frameworks/CoreData.framework; sourceTree = SDKROOT; };
		A3E07C551A6C21C400CB1420 /* CellOptionView.xib */ = {isa = PBXFileReference; fileEncoding = 4; lastKnownFileType = file.xib; path = CellOptionView.xib; sourceTree = "<group>"; };
		A3E07C571A6C25BD00CB1420 /* CellOptionView.h */ = {isa = PBXFileReference; fileEncoding = 4; lastKnownFileType = sourcecode.c.h; path = CellOptionView.h; sourceTree = "<group>"; };
		A3E07C581A6C25BD00CB1420 /* CellOptionView.m */ = {isa = PBXFileReference; fileEncoding = 4; lastKnownFileType = sourcecode.c.objc; path = CellOptionView.m; sourceTree = "<group>"; };
		A3EA5E7C1A5542A2001DA8FD /* MenuOptions.xib */ = {isa = PBXFileReference; fileEncoding = 4; lastKnownFileType = file.xib; path = MenuOptions.xib; sourceTree = "<group>"; };
		A3EA5E7E1A554355001DA8FD /* MenuOptions.h */ = {isa = PBXFileReference; fileEncoding = 4; lastKnownFileType = sourcecode.c.h; path = MenuOptions.h; sourceTree = "<group>"; };
		A3EA5E7F1A554355001DA8FD /* MenuOptions.m */ = {isa = PBXFileReference; fileEncoding = 4; lastKnownFileType = sourcecode.c.objc; path = MenuOptions.m; sourceTree = "<group>"; };
		A3EE34E91A69748000BAB7AE /* InstafeedViewController.h */ = {isa = PBXFileReference; fileEncoding = 4; lastKnownFileType = sourcecode.c.h; path = InstafeedViewController.h; sourceTree = "<group>"; };
		A3EE34EA1A69748000BAB7AE /* InstafeedViewController.m */ = {isa = PBXFileReference; fileEncoding = 4; lastKnownFileType = sourcecode.c.objc; path = InstafeedViewController.m; sourceTree = "<group>"; };
		A3EE34ED1A697F0200BAB7AE /* MKAnnotationView+WebCache.h */ = {isa = PBXFileReference; fileEncoding = 4; lastKnownFileType = sourcecode.c.h; path = "MKAnnotationView+WebCache.h"; sourceTree = "<group>"; };
		A3EE34EE1A697F0200BAB7AE /* MKAnnotationView+WebCache.m */ = {isa = PBXFileReference; fileEncoding = 4; lastKnownFileType = sourcecode.c.objc; path = "MKAnnotationView+WebCache.m"; sourceTree = "<group>"; };
		A3EE34EF1A697F0200BAB7AE /* NSData+ImageContentType.h */ = {isa = PBXFileReference; fileEncoding = 4; lastKnownFileType = sourcecode.c.h; path = "NSData+ImageContentType.h"; sourceTree = "<group>"; };
		A3EE34F01A697F0200BAB7AE /* NSData+ImageContentType.m */ = {isa = PBXFileReference; fileEncoding = 4; lastKnownFileType = sourcecode.c.objc; path = "NSData+ImageContentType.m"; sourceTree = "<group>"; };
		A3EE34F11A697F0200BAB7AE /* SDImageCache.h */ = {isa = PBXFileReference; fileEncoding = 4; lastKnownFileType = sourcecode.c.h; path = SDImageCache.h; sourceTree = "<group>"; };
		A3EE34F21A697F0200BAB7AE /* SDImageCache.m */ = {isa = PBXFileReference; fileEncoding = 4; lastKnownFileType = sourcecode.c.objc; path = SDImageCache.m; sourceTree = "<group>"; };
		A3EE34F31A697F0200BAB7AE /* SDWebImageCompat.h */ = {isa = PBXFileReference; fileEncoding = 4; lastKnownFileType = sourcecode.c.h; path = SDWebImageCompat.h; sourceTree = "<group>"; };
		A3EE34F41A697F0200BAB7AE /* SDWebImageCompat.m */ = {isa = PBXFileReference; fileEncoding = 4; lastKnownFileType = sourcecode.c.objc; path = SDWebImageCompat.m; sourceTree = "<group>"; };
		A3EE34F51A697F0200BAB7AE /* SDWebImageDecoder.h */ = {isa = PBXFileReference; fileEncoding = 4; lastKnownFileType = sourcecode.c.h; path = SDWebImageDecoder.h; sourceTree = "<group>"; };
		A3EE34F61A697F0200BAB7AE /* SDWebImageDecoder.m */ = {isa = PBXFileReference; fileEncoding = 4; lastKnownFileType = sourcecode.c.objc; path = SDWebImageDecoder.m; sourceTree = "<group>"; };
		A3EE34F71A697F0200BAB7AE /* SDWebImageDownloader.h */ = {isa = PBXFileReference; fileEncoding = 4; lastKnownFileType = sourcecode.c.h; path = SDWebImageDownloader.h; sourceTree = "<group>"; };
		A3EE34F81A697F0200BAB7AE /* SDWebImageDownloader.m */ = {isa = PBXFileReference; fileEncoding = 4; lastKnownFileType = sourcecode.c.objc; path = SDWebImageDownloader.m; sourceTree = "<group>"; };
		A3EE34F91A697F0200BAB7AE /* SDWebImageDownloaderOperation.h */ = {isa = PBXFileReference; fileEncoding = 4; lastKnownFileType = sourcecode.c.h; path = SDWebImageDownloaderOperation.h; sourceTree = "<group>"; };
		A3EE34FA1A697F0200BAB7AE /* SDWebImageDownloaderOperation.m */ = {isa = PBXFileReference; fileEncoding = 4; lastKnownFileType = sourcecode.c.objc; path = SDWebImageDownloaderOperation.m; sourceTree = "<group>"; };
		A3EE34FB1A697F0200BAB7AE /* SDWebImageManager.h */ = {isa = PBXFileReference; fileEncoding = 4; lastKnownFileType = sourcecode.c.h; path = SDWebImageManager.h; sourceTree = "<group>"; };
		A3EE34FC1A697F0200BAB7AE /* SDWebImageManager.m */ = {isa = PBXFileReference; fileEncoding = 4; lastKnownFileType = sourcecode.c.objc; path = SDWebImageManager.m; sourceTree = "<group>"; };
		A3EE34FD1A697F0200BAB7AE /* SDWebImageOperation.h */ = {isa = PBXFileReference; fileEncoding = 4; lastKnownFileType = sourcecode.c.h; path = SDWebImageOperation.h; sourceTree = "<group>"; };
		A3EE34FE1A697F0200BAB7AE /* SDWebImagePrefetcher.h */ = {isa = PBXFileReference; fileEncoding = 4; lastKnownFileType = sourcecode.c.h; path = SDWebImagePrefetcher.h; sourceTree = "<group>"; };
		A3EE34FF1A697F0200BAB7AE /* SDWebImagePrefetcher.m */ = {isa = PBXFileReference; fileEncoding = 4; lastKnownFileType = sourcecode.c.objc; path = SDWebImagePrefetcher.m; sourceTree = "<group>"; };
		A3EE35001A697F0200BAB7AE /* UIButton+WebCache.h */ = {isa = PBXFileReference; fileEncoding = 4; lastKnownFileType = sourcecode.c.h; path = "UIButton+WebCache.h"; sourceTree = "<group>"; };
		A3EE35011A697F0200BAB7AE /* UIButton+WebCache.m */ = {isa = PBXFileReference; fileEncoding = 4; lastKnownFileType = sourcecode.c.objc; path = "UIButton+WebCache.m"; sourceTree = "<group>"; };
		A3EE35021A697F0200BAB7AE /* UIImage+GIF.h */ = {isa = PBXFileReference; fileEncoding = 4; lastKnownFileType = sourcecode.c.h; path = "UIImage+GIF.h"; sourceTree = "<group>"; };
		A3EE35031A697F0200BAB7AE /* UIImage+GIF.m */ = {isa = PBXFileReference; fileEncoding = 4; lastKnownFileType = sourcecode.c.objc; path = "UIImage+GIF.m"; sourceTree = "<group>"; };
		A3EE35041A697F0200BAB7AE /* UIImage+MultiFormat.h */ = {isa = PBXFileReference; fileEncoding = 4; lastKnownFileType = sourcecode.c.h; path = "UIImage+MultiFormat.h"; sourceTree = "<group>"; };
		A3EE35051A697F0200BAB7AE /* UIImage+MultiFormat.m */ = {isa = PBXFileReference; fileEncoding = 4; lastKnownFileType = sourcecode.c.objc; path = "UIImage+MultiFormat.m"; sourceTree = "<group>"; };
		A3EE35061A697F0200BAB7AE /* UIImage+WebP.h */ = {isa = PBXFileReference; fileEncoding = 4; lastKnownFileType = sourcecode.c.h; path = "UIImage+WebP.h"; sourceTree = "<group>"; };
		A3EE35071A697F0200BAB7AE /* UIImage+WebP.m */ = {isa = PBXFileReference; fileEncoding = 4; lastKnownFileType = sourcecode.c.objc; path = "UIImage+WebP.m"; sourceTree = "<group>"; };
		A3EE35081A697F0200BAB7AE /* UIImageView+HighlightedWebCache.h */ = {isa = PBXFileReference; fileEncoding = 4; lastKnownFileType = sourcecode.c.h; path = "UIImageView+HighlightedWebCache.h"; sourceTree = "<group>"; };
		A3EE35091A697F0200BAB7AE /* UIImageView+HighlightedWebCache.m */ = {isa = PBXFileReference; fileEncoding = 4; lastKnownFileType = sourcecode.c.objc; path = "UIImageView+HighlightedWebCache.m"; sourceTree = "<group>"; };
		A3EE350A1A697F0200BAB7AE /* UIImageView+WebCache.h */ = {isa = PBXFileReference; fileEncoding = 4; lastKnownFileType = sourcecode.c.h; path = "UIImageView+WebCache.h"; sourceTree = "<group>"; };
		A3EE350B1A697F0200BAB7AE /* UIImageView+WebCache.m */ = {isa = PBXFileReference; fileEncoding = 4; lastKnownFileType = sourcecode.c.objc; path = "UIImageView+WebCache.m"; sourceTree = "<group>"; };
		A3EE350C1A697F0200BAB7AE /* UIView+WebCacheOperation.h */ = {isa = PBXFileReference; fileEncoding = 4; lastKnownFileType = sourcecode.c.h; path = "UIView+WebCacheOperation.h"; sourceTree = "<group>"; };
		A3EE350D1A697F0200BAB7AE /* UIView+WebCacheOperation.m */ = {isa = PBXFileReference; fileEncoding = 4; lastKnownFileType = sourcecode.c.objc; path = "UIView+WebCacheOperation.m"; sourceTree = "<group>"; };
		A3F031381A6FE15E0037010F /* SavedCategory.h */ = {isa = PBXFileReference; fileEncoding = 4; lastKnownFileType = sourcecode.c.h; path = SavedCategory.h; sourceTree = "<group>"; };
		A3F031391A6FE15E0037010F /* SavedCategory.m */ = {isa = PBXFileReference; fileEncoding = 4; lastKnownFileType = sourcecode.c.objc; path = SavedCategory.m; sourceTree = "<group>"; };
		A3F67EFE1A6A98660057422B /* SplashScreenViewController.h */ = {isa = PBXFileReference; fileEncoding = 4; lastKnownFileType = sourcecode.c.h; path = SplashScreenViewController.h; sourceTree = "<group>"; };
		A3F67EFF1A6A98660057422B /* SplashScreenViewController.m */ = {isa = PBXFileReference; fileEncoding = 4; lastKnownFileType = sourcecode.c.objc; path = SplashScreenViewController.m; sourceTree = "<group>"; };
/* End PBXFileReference section */

/* Begin PBXFrameworksBuildPhase section */
		A3162DC11A52D98D007F7010 /* Frameworks */ = {
			isa = PBXFrameworksBuildPhase;
			buildActionMask = 2147483647;
			files = (
				A3B93E4E1B31EA1000C676B3 /* libz.dylib in Frameworks */,
				A3B93E4C1B31EA0600C676B3 /* libc++.dylib in Frameworks */,
				A3B93E4A1B31E9FB00C676B3 /* SystemConfiguration.framework in Frameworks */,
				A3B93E481B31E9EF00C676B3 /* CoreTelephony.framework in Frameworks */,
				A3DC742F1A6D6D1C00B3ACBA /* CoreData.framework in Frameworks */,
				A3B93E461B31E9DC00C676B3 /* NewRelicAgent.framework in Frameworks */,
				A30141E11A64E8FF006C10C6 /* QuartzCore.framework in Frameworks */,
			);
			runOnlyForDeploymentPostprocessing = 0;
		};
		A3162DDA1A52D98D007F7010 /* Frameworks */ = {
			isa = PBXFrameworksBuildPhase;
			buildActionMask = 2147483647;
			files = (
			);
			runOnlyForDeploymentPostprocessing = 0;
		};
/* End PBXFrameworksBuildPhase section */

/* Begin PBXGroup section */
		A30141E01A64E8E5006C10C6 /* Frameworks */ = {
			isa = PBXGroup;
			children = (
				A3B93E4D1B31EA1000C676B3 /* libz.dylib */,
				A3B93E4B1B31EA0600C676B3 /* libc++.dylib */,
				A3B93E491B31E9FB00C676B3 /* SystemConfiguration.framework */,
				A3B93E471B31E9EF00C676B3 /* CoreTelephony.framework */,
				A3B93E451B31E9DC00C676B3 /* NewRelicAgent.framework */,
				A3DC742D1A6D6D0600B3ACBA /* CoreData.framework */,
				A30141DE1A64E8DB006C10C6 /* QuartzCore.framework */,
			);
			name = Frameworks;
			path = ..;
			sourceTree = "<group>";
		};
		A3162DBB1A52D98D007F7010 = {
			isa = PBXGroup;
			children = (
				A3162DC61A52D98D007F7010 /* Revels'15 */,
				A3162DE01A52D98D007F7010 /* Revels'15Tests */,
				A3162DC51A52D98D007F7010 /* Products */,
			);
			sourceTree = "<group>";
		};
		A3162DC51A52D98D007F7010 /* Products */ = {
			isa = PBXGroup;
			children = (
				A3162DC41A52D98D007F7010 /* Revels'15.app */,
				A3162DDD1A52D98D007F7010 /* Revels'15Tests.xctest */,
			);
			name = Products;
			sourceTree = "<group>";
		};
		A3162DC61A52D98D007F7010 /* Revels'15 */ = {
			isa = PBXGroup;
			children = (
				A3554BBA1A55BADC0069896C /* Libraries */,
				A32AB5EA1A5C3CEC00787CCD /* Model */,
				A319A5901A532027004BD5DA /* View */,
				A3162DED1A52DA35007F7010 /* Controller */,
				A3162DD11A52D98D007F7010 /* Main.storyboard */,
				A3162DD41A52D98D007F7010 /* Images.xcassets */,
				A30141E01A64E8E5006C10C6 /* Frameworks */,
				A360D5AF1A8E8D9B00DFB6A5 /* Images-2.xcassets */,
				A3162DC71A52D98D007F7010 /* Supporting Files */,
			);
			path = "Revels'15";
			sourceTree = "<group>";
		};
		A3162DC71A52D98D007F7010 /* Supporting Files */ = {
			isa = PBXGroup;
			children = (
				A3E07C4F1A6C1F9400CB1420 /* Resources */,
				A3162DCB1A52D98D007F7010 /* AppDelegate.h */,
				A3162DCC1A52D98D007F7010 /* AppDelegate.m */,
				A3162DC81A52D98D007F7010 /* Info.plist */,
				A3162DC91A52D98D007F7010 /* main.m */,
				A3B93E4F1B31EAB600C676B3 /* Revels'15-Prefix.pch */,
			);
			name = "Supporting Files";
			sourceTree = "<group>";
		};
		A3162DE01A52D98D007F7010 /* Revels'15Tests */ = {
			isa = PBXGroup;
			children = (
				A3162DE31A52D98D007F7010 /* Revels_15Tests.m */,
				A3162DE11A52D98D007F7010 /* Supporting Files */,
			);
			path = "Revels'15Tests";
			sourceTree = "<group>";
		};
		A3162DE11A52D98D007F7010 /* Supporting Files */ = {
			isa = PBXGroup;
			children = (
				A3162DE21A52D98D007F7010 /* Info.plist */,
			);
			name = "Supporting Files";
			sourceTree = "<group>";
		};
		A3162DED1A52DA35007F7010 /* Controller */ = {
			isa = PBXGroup;
			children = (
				A3162DCE1A52D98D007F7010 /* ViewController.h */,
				A3162DCF1A52D98D007F7010 /* ViewController.m */,
				A3162DEE1A52DB78007F7010 /* PageContentViewController.h */,
				A3162DEF1A52DB78007F7010 /* PageContentViewController.m */,
				A3EE34E91A69748000BAB7AE /* InstafeedViewController.h */,
				A3EE34EA1A69748000BAB7AE /* InstafeedViewController.m */,
				A3F67EFE1A6A98660057422B /* SplashScreenViewController.h */,
				A3F67EFF1A6A98660057422B /* SplashScreenViewController.m */,
				A3DC74271A6D4B6C00B3ACBA /* FollowingViewController.h */,
				A3DC74281A6D4B6C00B3ACBA /* FollowingViewController.m */,
				A32D98F91A755B63007A3D4A /* ImageDisplayViewController.h */,
				A32D98FA1A755B63007A3D4A /* ImageDisplayViewController.m */,
				A32B4F0F1A7652C8006AC08E /* ResultsViewController.h */,
				A32B4F101A7652C8006AC08E /* ResultsViewController.m */,
				A3B10ADD1A872B6C001668E1 /* DeveloperViewController.h */,
				A3B10ADE1A872B6C001668E1 /* DeveloperViewController.m */,
				A37887841A88F6A1007CA9D2 /* EasterEggViewController.h */,
				A37887851A88F6A1007CA9D2 /* EasterEggViewController.m */,
			);
			name = Controller;
			sourceTree = "<group>";
		};
		A319A5901A532027004BD5DA /* View */ = {
			isa = PBXGroup;
			children = (
				A3B10AE01A8733F8001668E1 /* DeveloperView */,
				A32B4F121A76569F006AC08E /* ResultsCell */,
				A3E07C541A6C218100CB1420 /* CellOptionView */,
				A3BBF9F61A69537800E63308 /* Instafeed Cells */,
				A3EA5E7B1A554288001DA8FD /* MenuOptions */,
				A3EA5E7A1A554270001DA8FD /* EventCell */,
			);
			name = View;
			sourceTree = "<group>";
		};
		A32AB5EA1A5C3CEC00787CCD /* Model */ = {
			isa = PBXGroup;
			children = (
				A3DC741A1A6D42FD00B3ACBA /* CoreData */,
				A3AFE20F1A6956DE00E86323 /* InstaFeedAPIModel */,
				A32AB5F01A5C404400787CCD /* Event.h */,
				A32AB5F11A5C404400787CCD /* Event.m */,
				A3BBF9F31A693D8D00E63308 /* Categories.h */,
				A3BBF9F41A693D8D00E63308 /* Categories.m */,
			);
			name = Model;
			sourceTree = "<group>";
		};
		A32AB5FD1A5C41FE00787CCD /* SSJSONParse */ = {
			isa = PBXGroup;
			children = (
				A32AB5FA1A5C41F100787CCD /* SSJSONModel.h */,
				A32AB5FB1A5C41F100787CCD /* SSJSONModel.m */,
			);
			name = SSJSONParse;
			sourceTree = "<group>";
		};
		A32B4F121A76569F006AC08E /* ResultsCell */ = {
			isa = PBXGroup;
			children = (
				A32B4F131A7656BF006AC08E /* ResultsTableViewCell.h */,
				A32B4F141A7656BF006AC08E /* ResultsTableViewCell.m */,
				A3BADF021A7901CF00FB3F90 /* ResultCell.xib */,
			);
			name = ResultsCell;
			sourceTree = "<group>";
		};
		A3554BBA1A55BADC0069896C /* Libraries */ = {
			isa = PBXGroup;
			children = (
				A36A132B1A6ECA0400C74FB7 /* Reachability Files */,
				A3C6C5311A6E1A7F00BB66B1 /* MBProgressHUD */,
				A3EE34EC1A697F0200BAB7AE /* SDWebImage */,
				A35D35941A68409C008CFF49 /* ICViewPager */,
				A3711F831A67E7380021A926 /* PQFCustomLoaders */,
				A32AB5FD1A5C41FE00787CCD /* SSJSONParse */,
			);
			name = Libraries;
			sourceTree = "<group>";
		};
		A35D35941A68409C008CFF49 /* ICViewPager */ = {
			isa = PBXGroup;
			children = (
				A35D35951A68409C008CFF49 /* ViewPagerController.h */,
				A35D35961A68409C008CFF49 /* ViewPagerController.m */,
			);
			path = ICViewPager;
			sourceTree = "<group>";
		};
		A36A132B1A6ECA0400C74FB7 /* Reachability Files */ = {
			isa = PBXGroup;
			children = (
				A36A132C1A6ECA0400C74FB7 /* Reachability.h */,
				A36A132D1A6ECA0400C74FB7 /* Reachability.m */,
			);
			path = "Reachability Files";
			sourceTree = "<group>";
		};
		A3711F831A67E7380021A926 /* PQFCustomLoaders */ = {
			isa = PBXGroup;
			children = (
				A3711F8E1A67E7B60021A926 /* UIColor+FlatColors.h */,
				A3711F8F1A67E7B60021A926 /* UIColor+FlatColors.m */,
				A3711F881A67E7380021A926 /* PQFCirclesInTriangle.h */,
				A3711F891A67E7380021A926 /* PQFCirclesInTriangle.m */,
				A3711F8A1A67E7380021A926 /* PQFCustomLoaders.h */,
			);
			path = PQFCustomLoaders;
			sourceTree = "<group>";
		};
		A3AFE20F1A6956DE00E86323 /* InstaFeedAPIModel */ = {
			isa = PBXGroup;
			children = (
				A3AFE20C1A69566300E86323 /* InstaFeedUser.h */,
				A3AFE20D1A69566300E86323 /* InstaFeedUser.m */,
				A3AFE2101A69576600E86323 /* InstaFeedImage.h */,
				A3AFE2111A69576600E86323 /* InstaFeedImage.m */,
			);
			name = InstaFeedAPIModel;
			sourceTree = "<group>";
		};
		A3B10AD01A8728BE001668E1 /* Developer Images */ = {
			isa = PBXGroup;
			children = (
				A3B10AE61A874127001668E1 /* devimg.png */,
				A334C6691A891C4C00143F9C /* 3.png */,
				A334C66A1A891C4C00143F9C /* 4.png */,
				A334C66B1A891C4C00143F9C /* 5.png */,
				A334C66C1A891C4C00143F9C /* 6.png */,
				A334C66D1A891C4C00143F9C /* 7.png */,
				A334C66E1A891C4C00143F9C /* 8.png */,
			);
			name = "Developer Images";
			sourceTree = "<group>";
		};
		A3B10AE01A8733F8001668E1 /* DeveloperView */ = {
			isa = PBXGroup;
			children = (
				A3B10AE11A873409001668E1 /* DeveloperView.xib */,
				A3B10AE31A873537001668E1 /* DeveloperView.h */,
				A3B10AE41A873537001668E1 /* DeveloperView.m */,
			);
			name = DeveloperView;
			sourceTree = "<group>";
		};
		A3BBF9F61A69537800E63308 /* Instafeed Cells */ = {
			isa = PBXGroup;
			children = (
				A3BBF9F71A69539B00E63308 /* instacell.xib */,
				A3AFE2061A6955B100E86323 /* InstaFeedTableViewCell.h */,
				A3AFE2071A6955B100E86323 /* InstaFeedTableViewCell.m */,
			);
			name = "Instafeed Cells";
			sourceTree = "<group>";
		};
		A3C6C5311A6E1A7F00BB66B1 /* MBProgressHUD */ = {
			isa = PBXGroup;
			children = (
				A3C6C52E1A6E1A7900BB66B1 /* MBProgressHUD.h */,
				A3C6C52F1A6E1A7900BB66B1 /* MBProgressHUD.m */,
			);
			name = MBProgressHUD;
			sourceTree = "<group>";
		};
		A3DC741A1A6D42FD00B3ACBA /* CoreData */ = {
			isa = PBXGroup;
			children = (
				A3F031371A6FE0820037010F /* Model */,
				A3DC74171A6D41DE00B3ACBA /* Revels_CoreDataModel.xcdatamodeld */,
				A3DC74211A6D435B00B3ACBA /* CoreDataHelper.h */,
				A3DC74221A6D435B00B3ACBA /* CoreDataHelper.m */,
			);
			name = CoreData;
			sourceTree = "<group>";
		};
		A3E07C4F1A6C1F9400CB1420 /* Resources */ = {
			isa = PBXGroup;
			children = (
				A3B10AD01A8728BE001668E1 /* Developer Images */,
				A3D03F8C1A74BCA2005F016E /* ic_location.png */,
				A3D03F8E1A74BD0E005F016E /* ic_time.png */,
				A3D03F901A74BD18005F016E /* ic_date.png */,
				A3D03F921A74BE35005F016E /* ic_contact.png */,
				A33AD7141A87947F00D43311 /* following2.png */,
				A33AD7151A87947F00D43311 /* results2.png */,
				A33AD7161A87947F00D43311 /* team2.png */,
				A33AD71A1A87955F00D43311 /* devimg4.png */,
				A3A954511A87B0FB005CFAC5 /* bg1.png */,
				A334C67D1A892F8900143F9C /* revelsSplashLogo.png */,
				A334C6751A89276000143F9C /* linuxtux.png */,
				A334C6771A89282E00143F9C /* github-50.png */,
				A334C67B1A892EB700143F9C /* facebookButton.png */,
				A3649C9F1A9E011F003810E5 /* Phone1-50.png */,
			);
			name = Resources;
			sourceTree = "<group>";
		};
		A3E07C541A6C218100CB1420 /* CellOptionView */ = {
			isa = PBXGroup;
			children = (
				A3E07C551A6C21C400CB1420 /* CellOptionView.xib */,
				A3E07C571A6C25BD00CB1420 /* CellOptionView.h */,
				A3E07C581A6C25BD00CB1420 /* CellOptionView.m */,
			);
			name = CellOptionView;
			sourceTree = "<group>";
		};
		A3EA5E7A1A554270001DA8FD /* EventCell */ = {
			isa = PBXGroup;
			children = (
				A32AB5EB1A5C3D2800787CCD /* EventCell.xib */,
				A32AB5F71A5C414A00787CCD /* EventTableViewCell.h */,
				A32AB5F81A5C414A00787CCD /* EventTableViewCell.m */,
			);
			name = EventCell;
			sourceTree = "<group>";
		};
		A3EA5E7B1A554288001DA8FD /* MenuOptions */ = {
			isa = PBXGroup;
			children = (
				A3EA5E7C1A5542A2001DA8FD /* MenuOptions.xib */,
				A3EA5E7E1A554355001DA8FD /* MenuOptions.h */,
				A3EA5E7F1A554355001DA8FD /* MenuOptions.m */,
			);
			name = MenuOptions;
			sourceTree = "<group>";
		};
		A3EE34EC1A697F0200BAB7AE /* SDWebImage */ = {
			isa = PBXGroup;
			children = (
				A3EE34ED1A697F0200BAB7AE /* MKAnnotationView+WebCache.h */,
				A3EE34EE1A697F0200BAB7AE /* MKAnnotationView+WebCache.m */,
				A3EE34EF1A697F0200BAB7AE /* NSData+ImageContentType.h */,
				A3EE34F01A697F0200BAB7AE /* NSData+ImageContentType.m */,
				A3EE34F11A697F0200BAB7AE /* SDImageCache.h */,
				A3EE34F21A697F0200BAB7AE /* SDImageCache.m */,
				A3EE34F31A697F0200BAB7AE /* SDWebImageCompat.h */,
				A3EE34F41A697F0200BAB7AE /* SDWebImageCompat.m */,
				A3EE34F51A697F0200BAB7AE /* SDWebImageDecoder.h */,
				A3EE34F61A697F0200BAB7AE /* SDWebImageDecoder.m */,
				A3EE34F71A697F0200BAB7AE /* SDWebImageDownloader.h */,
				A3EE34F81A697F0200BAB7AE /* SDWebImageDownloader.m */,
				A3EE34F91A697F0200BAB7AE /* SDWebImageDownloaderOperation.h */,
				A3EE34FA1A697F0200BAB7AE /* SDWebImageDownloaderOperation.m */,
				A3EE34FB1A697F0200BAB7AE /* SDWebImageManager.h */,
				A3EE34FC1A697F0200BAB7AE /* SDWebImageManager.m */,
				A3EE34FD1A697F0200BAB7AE /* SDWebImageOperation.h */,
				A3EE34FE1A697F0200BAB7AE /* SDWebImagePrefetcher.h */,
				A3EE34FF1A697F0200BAB7AE /* SDWebImagePrefetcher.m */,
				A3EE35001A697F0200BAB7AE /* UIButton+WebCache.h */,
				A3EE35011A697F0200BAB7AE /* UIButton+WebCache.m */,
				A3EE35021A697F0200BAB7AE /* UIImage+GIF.h */,
				A3EE35031A697F0200BAB7AE /* UIImage+GIF.m */,
				A3EE35041A697F0200BAB7AE /* UIImage+MultiFormat.h */,
				A3EE35051A697F0200BAB7AE /* UIImage+MultiFormat.m */,
				A3EE35061A697F0200BAB7AE /* UIImage+WebP.h */,
				A3EE35071A697F0200BAB7AE /* UIImage+WebP.m */,
				A3EE35081A697F0200BAB7AE /* UIImageView+HighlightedWebCache.h */,
				A3EE35091A697F0200BAB7AE /* UIImageView+HighlightedWebCache.m */,
				A3EE350A1A697F0200BAB7AE /* UIImageView+WebCache.h */,
				A3EE350B1A697F0200BAB7AE /* UIImageView+WebCache.m */,
				A3EE350C1A697F0200BAB7AE /* UIView+WebCacheOperation.h */,
				A3EE350D1A697F0200BAB7AE /* UIView+WebCacheOperation.m */,
			);
			path = SDWebImage;
			sourceTree = "<group>";
		};
		A3F031371A6FE0820037010F /* Model */ = {
			isa = PBXGroup;
			children = (
				A37694B71A7027B0007720C3 /* SavedEvent.h */,
				A37694B81A7027B0007720C3 /* SavedEvent.m */,
				A3F031381A6FE15E0037010F /* SavedCategory.h */,
				A3F031391A6FE15E0037010F /* SavedCategory.m */,
				A3DC74241A6D44C100B3ACBA /* Following.h */,
				A3DC74251A6D44C100B3ACBA /* Following.m */,
			);
			name = Model;
			sourceTree = "<group>";
		};
/* End PBXGroup section */

/* Begin PBXNativeTarget section */
		A3162DC31A52D98D007F7010 /* Revels'15 */ = {
			isa = PBXNativeTarget;
			buildConfigurationList = A3162DE71A52D98D007F7010 /* Build configuration list for PBXNativeTarget "Revels'15" */;
			buildPhases = (
				A3162DC01A52D98D007F7010 /* Sources */,
				A3162DC11A52D98D007F7010 /* Frameworks */,
				A3162DC21A52D98D007F7010 /* Resources */,
				A3B93E511B31EBD600C676B3 /* ShellScript */,
			);
			buildRules = (
			);
			dependencies = (
			);
			name = "Revels'15";
			productName = "Revels'15";
			productReference = A3162DC41A52D98D007F7010 /* Revels'15.app */;
			productType = "com.apple.product-type.application";
		};
		A3162DDC1A52D98D007F7010 /* Revels'15Tests */ = {
			isa = PBXNativeTarget;
			buildConfigurationList = A3162DEA1A52D98D007F7010 /* Build configuration list for PBXNativeTarget "Revels'15Tests" */;
			buildPhases = (
				A3162DD91A52D98D007F7010 /* Sources */,
				A3162DDA1A52D98D007F7010 /* Frameworks */,
				A3162DDB1A52D98D007F7010 /* Resources */,
			);
			buildRules = (
			);
			dependencies = (
				A3162DDF1A52D98D007F7010 /* PBXTargetDependency */,
			);
			name = "Revels'15Tests";
			productName = "Revels'15Tests";
			productReference = A3162DDD1A52D98D007F7010 /* Revels'15Tests.xctest */;
			productType = "com.apple.product-type.bundle.unit-test";
		};
/* End PBXNativeTarget section */

/* Begin PBXProject section */
		A3162DBC1A52D98D007F7010 /* Project object */ = {
			isa = PBXProject;
			attributes = {
				LastUpgradeCheck = 0610;
				ORGANIZATIONNAME = LUGManipal;
				TargetAttributes = {
					A3162DC31A52D98D007F7010 = {
						CreatedOnToolsVersion = 6.1.1;
						DevelopmentTeam = M2TZJK2U6H;
					};
					A3162DDC1A52D98D007F7010 = {
						CreatedOnToolsVersion = 6.1.1;
						TestTargetID = A3162DC31A52D98D007F7010;
					};
				};
			};
			buildConfigurationList = A3162DBF1A52D98D007F7010 /* Build configuration list for PBXProject "Revels'15" */;
			compatibilityVersion = "Xcode 3.2";
			developmentRegion = English;
			hasScannedForEncodings = 0;
			knownRegions = (
				en,
				Base,
			);
			mainGroup = A3162DBB1A52D98D007F7010;
			productRefGroup = A3162DC51A52D98D007F7010 /* Products */;
			projectDirPath = "";
			projectRoot = "";
			targets = (
				A3162DC31A52D98D007F7010 /* Revels'15 */,
				A3162DDC1A52D98D007F7010 /* Revels'15Tests */,
			);
		};
/* End PBXProject section */

/* Begin PBXResourcesBuildPhase section */
		A3162DC21A52D98D007F7010 /* Resources */ = {
			isa = PBXResourcesBuildPhase;
			buildActionMask = 2147483647;
			files = (
				A334C6741A891C4C00143F9C /* 8.png in Resources */,
				A3649CA01A9E011F003810E5 /* Phone1-50.png in Resources */,
				A334C6721A891C4C00143F9C /* 6.png in Resources */,
				A334C6761A89276000143F9C /* linuxtux.png in Resources */,
				A3D03F931A74BE35005F016E /* ic_contact.png in Resources */,
				A3B10AE21A873409001668E1 /* DeveloperView.xib in Resources */,
				A334C6781A89282E00143F9C /* github-50.png in Resources */,
				A3162DD31A52D98D007F7010 /* Main.storyboard in Resources */,
				A3EA5E7D1A5542A2001DA8FD /* MenuOptions.xib in Resources */,
				A334C67E1A892F8900143F9C /* revelsSplashLogo.png in Resources */,
				A3BADF031A7901CF00FB3F90 /* ResultCell.xib in Resources */,
				A334C66F1A891C4C00143F9C /* 3.png in Resources */,
				A3E07C561A6C21C400CB1420 /* CellOptionView.xib in Resources */,
				A33AD7181A87947F00D43311 /* results2.png in Resources */,
				A334C6701A891C4C00143F9C /* 4.png in Resources */,
				A33AD7171A87947F00D43311 /* following2.png in Resources */,
				A3B10AE71A874127001668E1 /* devimg.png in Resources */,
				A3A954521A87B0FB005CFAC5 /* bg1.png in Resources */,
				A33AD71B1A87955F00D43311 /* devimg4.png in Resources */,
				A334C67C1A892EB700143F9C /* facebookButton.png in Resources */,
				A3D03F8F1A74BD0E005F016E /* ic_time.png in Resources */,
				A32AB5EC1A5C3D2800787CCD /* EventCell.xib in Resources */,
				A334C6731A891C4C00143F9C /* 7.png in Resources */,
				A3162DD51A52D98D007F7010 /* Images.xcassets in Resources */,
				A33AD7191A87947F00D43311 /* team2.png in Resources */,
				A3D03F911A74BD18005F016E /* ic_date.png in Resources */,
				A360D5B01A8E8D9B00DFB6A5 /* Images-2.xcassets in Resources */,
				A334C6711A891C4C00143F9C /* 5.png in Resources */,
				A3D03F8D1A74BCA2005F016E /* ic_location.png in Resources */,
				A3BBF9F81A69539B00E63308 /* instacell.xib in Resources */,
			);
			runOnlyForDeploymentPostprocessing = 0;
		};
		A3162DDB1A52D98D007F7010 /* Resources */ = {
			isa = PBXResourcesBuildPhase;
			buildActionMask = 2147483647;
			files = (
			);
			runOnlyForDeploymentPostprocessing = 0;
		};
/* End PBXResourcesBuildPhase section */

/* Begin PBXShellScriptBuildPhase section */
		A3B93E511B31EBD600C676B3 /* ShellScript */ = {
			isa = PBXShellScriptBuildPhase;
			buildActionMask = 2147483647;
			files = (
			);
			inputPaths = (
			);
			outputPaths = (
			);
			runOnlyForDeploymentPostprocessing = 0;
			shellPath = /bin/sh;
			shellScript = "SCRIPT=`/usr/bin/find \"${SRCROOT}\" -name newrelic_postbuild.sh | head -n 1`\n\n/bin/sh \"${SCRIPT}\" \"AA9adf56b32a0b53d03b14852b3271644382988ff3\"";
		};
/* End PBXShellScriptBuildPhase section */

/* Begin PBXSourcesBuildPhase section */
		A3162DC01A52D98D007F7010 /* Sources */ = {
			isa = PBXSourcesBuildPhase;
			buildActionMask = 2147483647;
			files = (
				A3DC74231A6D435B00B3ACBA /* CoreDataHelper.m in Sources */,
				A3EE35131A697F0200BAB7AE /* SDWebImageDownloader.m in Sources */,
				A32AB5F21A5C404400787CCD /* Event.m in Sources */,
				A3AFE2121A69576600E86323 /* InstaFeedImage.m in Sources */,
				A3DC74291A6D4B6C00B3ACBA /* FollowingViewController.m in Sources */,
				A3DC74191A6D41DE00B3ACBA /* Revels_CoreDataModel.xcdatamodeld in Sources */,
				A3F67F001A6A98660057422B /* SplashScreenViewController.m in Sources */,
				A3B10ADF1A872B6C001668E1 /* DeveloperViewController.m in Sources */,
				A32B4F151A7656BF006AC08E /* ResultsTableViewCell.m in Sources */,
				A3EE35161A697F0200BAB7AE /* SDWebImagePrefetcher.m in Sources */,
				A3EE351D1A697F0200BAB7AE /* UIView+WebCacheOperation.m in Sources */,
				A3162DD01A52D98D007F7010 /* ViewController.m in Sources */,
				A37694B91A7027B0007720C3 /* SavedEvent.m in Sources */,
				A3711F901A67E7B60021A926 /* UIColor+FlatColors.m in Sources */,
				A3EE35191A697F0200BAB7AE /* UIImage+MultiFormat.m in Sources */,
				A3EE351A1A697F0200BAB7AE /* UIImage+WebP.m in Sources */,
				A3F0313A1A6FE15E0037010F /* SavedCategory.m in Sources */,
				A32AB5F91A5C414A00787CCD /* EventTableViewCell.m in Sources */,
				A3EA5E801A554355001DA8FD /* MenuOptions.m in Sources */,
				A3B10AE51A873537001668E1 /* DeveloperView.m in Sources */,
				A3EE351C1A697F0200BAB7AE /* UIImageView+WebCache.m in Sources */,
				A3162DF01A52DB78007F7010 /* PageContentViewController.m in Sources */,
				A3162DCD1A52D98D007F7010 /* AppDelegate.m in Sources */,
				A3EE34EB1A69748000BAB7AE /* InstafeedViewController.m in Sources */,
				A3BBF9F51A693D8D00E63308 /* Categories.m in Sources */,
				A32AB5FC1A5C41F100787CCD /* SSJSONModel.m in Sources */,
				A37887861A88F6A1007CA9D2 /* EasterEggViewController.m in Sources */,
				A3711F8D1A67E7380021A926 /* PQFCirclesInTriangle.m in Sources */,
				A3C6C5301A6E1A7900BB66B1 /* MBProgressHUD.m in Sources */,
				A3EE350F1A697F0200BAB7AE /* NSData+ImageContentType.m in Sources */,
				A3AFE20E1A69566300E86323 /* InstaFeedUser.m in Sources */,
				A3AFE2081A6955B100E86323 /* InstaFeedTableViewCell.m in Sources */,
				A3EE35151A697F0200BAB7AE /* SDWebImageManager.m in Sources */,
				A3EE35121A697F0200BAB7AE /* SDWebImageDecoder.m in Sources */,
				A3EE35141A697F0200BAB7AE /* SDWebImageDownloaderOperation.m in Sources */,
				A32B4F111A7652C8006AC08E /* ResultsViewController.m in Sources */,
				A35D35971A68409C008CFF49 /* ViewPagerController.m in Sources */,
				A3162DCA1A52D98D007F7010 /* main.m in Sources */,
				A32D98FB1A755B63007A3D4A /* ImageDisplayViewController.m in Sources */,
				A3EE350E1A697F0200BAB7AE /* MKAnnotationView+WebCache.m in Sources */,
				A3EE35111A697F0200BAB7AE /* SDWebImageCompat.m in Sources */,
				A3EE35171A697F0200BAB7AE /* UIButton+WebCache.m in Sources */,
				A36A132E1A6ECA0400C74FB7 /* Reachability.m in Sources */,
				A3EE351B1A697F0200BAB7AE /* UIImageView+HighlightedWebCache.m in Sources */,
				A3E07C591A6C25BD00CB1420 /* CellOptionView.m in Sources */,
				A3EE35181A697F0200BAB7AE /* UIImage+GIF.m in Sources */,
				A3EE35101A697F0200BAB7AE /* SDImageCache.m in Sources */,
				A3DC74261A6D44C100B3ACBA /* Following.m in Sources */,
			);
			runOnlyForDeploymentPostprocessing = 0;
		};
		A3162DD91A52D98D007F7010 /* Sources */ = {
			isa = PBXSourcesBuildPhase;
			buildActionMask = 2147483647;
			files = (
				A3162DE41A52D98D007F7010 /* Revels_15Tests.m in Sources */,
			);
			runOnlyForDeploymentPostprocessing = 0;
		};
/* End PBXSourcesBuildPhase section */

/* Begin PBXTargetDependency section */
		A3162DDF1A52D98D007F7010 /* PBXTargetDependency */ = {
			isa = PBXTargetDependency;
			target = A3162DC31A52D98D007F7010 /* Revels'15 */;
			targetProxy = A3162DDE1A52D98D007F7010 /* PBXContainerItemProxy */;
		};
/* End PBXTargetDependency section */

/* Begin PBXVariantGroup section */
		A3162DD11A52D98D007F7010 /* Main.storyboard */ = {
			isa = PBXVariantGroup;
			children = (
				A3162DD21A52D98D007F7010 /* Base */,
			);
			name = Main.storyboard;
			sourceTree = "<group>";
		};
/* End PBXVariantGroup section */

/* Begin XCBuildConfiguration section */
		A3162DE51A52D98D007F7010 /* Debug */ = {
			isa = XCBuildConfiguration;
			buildSettings = {
				ALWAYS_SEARCH_USER_PATHS = NO;
				CLANG_CXX_LANGUAGE_STANDARD = "gnu++0x";
				CLANG_CXX_LIBRARY = "libc++";
				CLANG_ENABLE_MODULES = YES;
				CLANG_ENABLE_OBJC_ARC = YES;
				CLANG_WARN_BOOL_CONVERSION = YES;
				CLANG_WARN_CONSTANT_CONVERSION = YES;
				CLANG_WARN_DIRECT_OBJC_ISA_USAGE = YES_ERROR;
				CLANG_WARN_EMPTY_BODY = YES;
				CLANG_WARN_ENUM_CONVERSION = YES;
				CLANG_WARN_INT_CONVERSION = YES;
				CLANG_WARN_OBJC_ROOT_CLASS = YES_ERROR;
				CLANG_WARN_UNREACHABLE_CODE = YES;
				CLANG_WARN__DUPLICATE_METHOD_MATCH = YES;
				"CODE_SIGN_IDENTITY[sdk=iphoneos*]" = "iPhone Developer";
				COPY_PHASE_STRIP = NO;
				ENABLE_STRICT_OBJC_MSGSEND = YES;
				GCC_C_LANGUAGE_STANDARD = gnu99;
				GCC_DYNAMIC_NO_PIC = NO;
				GCC_OPTIMIZATION_LEVEL = 0;
				GCC_PREPROCESSOR_DEFINITIONS = (
					"DEBUG=1",
					"$(inherited)",
				);
				GCC_SYMBOLS_PRIVATE_EXTERN = NO;
				GCC_WARN_64_TO_32_BIT_CONVERSION = YES;
				GCC_WARN_ABOUT_RETURN_TYPE = YES_ERROR;
				GCC_WARN_UNDECLARED_SELECTOR = YES;
				GCC_WARN_UNINITIALIZED_AUTOS = YES_AGGRESSIVE;
				GCC_WARN_UNUSED_FUNCTION = YES;
				GCC_WARN_UNUSED_VARIABLE = YES;
				IPHONEOS_DEPLOYMENT_TARGET = 7.1;
				MTL_ENABLE_DEBUG_INFO = YES;
				ONLY_ACTIVE_ARCH = YES;
				SDKROOT = iphoneos;
			};
			name = Debug;
		};
		A3162DE61A52D98D007F7010 /* Release */ = {
			isa = XCBuildConfiguration;
			buildSettings = {
				ALWAYS_SEARCH_USER_PATHS = NO;
				CLANG_CXX_LANGUAGE_STANDARD = "gnu++0x";
				CLANG_CXX_LIBRARY = "libc++";
				CLANG_ENABLE_MODULES = YES;
				CLANG_ENABLE_OBJC_ARC = YES;
				CLANG_WARN_BOOL_CONVERSION = YES;
				CLANG_WARN_CONSTANT_CONVERSION = YES;
				CLANG_WARN_DIRECT_OBJC_ISA_USAGE = YES_ERROR;
				CLANG_WARN_EMPTY_BODY = YES;
				CLANG_WARN_ENUM_CONVERSION = YES;
				CLANG_WARN_INT_CONVERSION = YES;
				CLANG_WARN_OBJC_ROOT_CLASS = YES_ERROR;
				CLANG_WARN_UNREACHABLE_CODE = YES;
				CLANG_WARN__DUPLICATE_METHOD_MATCH = YES;
				"CODE_SIGN_IDENTITY[sdk=iphoneos*]" = "iPhone Developer";
				COPY_PHASE_STRIP = YES;
				ENABLE_NS_ASSERTIONS = NO;
				ENABLE_STRICT_OBJC_MSGSEND = YES;
				GCC_C_LANGUAGE_STANDARD = gnu99;
				GCC_WARN_64_TO_32_BIT_CONVERSION = YES;
				GCC_WARN_ABOUT_RETURN_TYPE = YES_ERROR;
				GCC_WARN_UNDECLARED_SELECTOR = YES;
				GCC_WARN_UNINITIALIZED_AUTOS = YES_AGGRESSIVE;
				GCC_WARN_UNUSED_FUNCTION = YES;
				GCC_WARN_UNUSED_VARIABLE = YES;
				IPHONEOS_DEPLOYMENT_TARGET = 7.1;
				MTL_ENABLE_DEBUG_INFO = NO;
				SDKROOT = iphoneos;
				VALIDATE_PRODUCT = YES;
			};
			name = Release;
		};
		A3162DE81A52D98D007F7010 /* Debug */ = {
			isa = XCBuildConfiguration;
			buildSettings = {
				ASSETCATALOG_COMPILER_APPICON_NAME = AppIcon;
				ASSETCATALOG_COMPILER_LAUNCHIMAGE_NAME = LaunchImage;
				CODE_SIGN_IDENTITY = "iPhone Developer";
				"CODE_SIGN_IDENTITY[sdk=iphoneos*]" = "iPhone Developer";
				FRAMEWORK_SEARCH_PATHS = (
					"$(inherited)",
					"$(PROJECT_DIR)",
				);
				GCC_PREFIX_HEADER = "Revels'15/Revels'15-Prefix.pch";
				INFOPLIST_FILE = "Revels'15/Info.plist";
				LD_RUNPATH_SEARCH_PATHS = "$(inherited) @executable_path/Frameworks";
				PRODUCT_NAME = "$(TARGET_NAME)";
				PROVISIONING_PROFILE = "";
			};
			name = Debug;
		};
		A3162DE91A52D98D007F7010 /* Release */ = {
			isa = XCBuildConfiguration;
			buildSettings = {
				ASSETCATALOG_COMPILER_APPICON_NAME = AppIcon;
				ASSETCATALOG_COMPILER_LAUNCHIMAGE_NAME = LaunchImage;
				CODE_SIGN_IDENTITY = "iPhone Developer";
				"CODE_SIGN_IDENTITY[sdk=iphoneos*]" = "iPhone Developer";
				FRAMEWORK_SEARCH_PATHS = (
					"$(inherited)",
					"$(PROJECT_DIR)",
				);
				GCC_PREFIX_HEADER = "Revels'15/Revels'15-Prefix.pch";
				INFOPLIST_FILE = "Revels'15/Info.plist";
				LD_RUNPATH_SEARCH_PATHS = "$(inherited) @executable_path/Frameworks";
				PRODUCT_NAME = "$(TARGET_NAME)";
				PROVISIONING_PROFILE = "";
			};
			name = Release;
		};
		A3162DEB1A52D98D007F7010 /* Debug */ = {
			isa = XCBuildConfiguration;
			buildSettings = {
				BUNDLE_LOADER = "$(TEST_HOST)";
				FRAMEWORK_SEARCH_PATHS = (
					"$(SDKROOT)/Developer/Library/Frameworks",
					"$(inherited)",
				);
				GCC_PREPROCESSOR_DEFINITIONS = (
					"DEBUG=1",
					"$(inherited)",
				);
				INFOPLIST_FILE = "Revels'15Tests/Info.plist";
				LD_RUNPATH_SEARCH_PATHS = "$(inherited) @executable_path/Frameworks @loader_path/Frameworks";
				PRODUCT_NAME = "$(TARGET_NAME)";
				TEST_HOST = "$(BUILT_PRODUCTS_DIR)/Revels'15.app/Revels'15";
			};
			name = Debug;
		};
		A3162DEC1A52D98D007F7010 /* Release */ = {
			isa = XCBuildConfiguration;
			buildSettings = {
				BUNDLE_LOADER = "$(TEST_HOST)";
				FRAMEWORK_SEARCH_PATHS = (
					"$(SDKROOT)/Developer/Library/Frameworks",
					"$(inherited)",
				);
				INFOPLIST_FILE = "Revels'15Tests/Info.plist";
				LD_RUNPATH_SEARCH_PATHS = "$(inherited) @executable_path/Frameworks @loader_path/Frameworks";
				PRODUCT_NAME = "$(TARGET_NAME)";
				TEST_HOST = "$(BUILT_PRODUCTS_DIR)/Revels'15.app/Revels'15";
			};
			name = Release;
		};
/* End XCBuildConfiguration section */

/* Begin XCConfigurationList section */
		A3162DBF1A52D98D007F7010 /* Build configuration list for PBXProject "Revels'15" */ = {
			isa = XCConfigurationList;
			buildConfigurations = (
				A3162DE51A52D98D007F7010 /* Debug */,
				A3162DE61A52D98D007F7010 /* Release */,
			);
			defaultConfigurationIsVisible = 0;
			defaultConfigurationName = Release;
		};
		A3162DE71A52D98D007F7010 /* Build configuration list for PBXNativeTarget "Revels'15" */ = {
			isa = XCConfigurationList;
			buildConfigurations = (
				A3162DE81A52D98D007F7010 /* Debug */,
				A3162DE91A52D98D007F7010 /* Release */,
			);
			defaultConfigurationIsVisible = 0;
			defaultConfigurationName = Release;
		};
		A3162DEA1A52D98D007F7010 /* Build configuration list for PBXNativeTarget "Revels'15Tests" */ = {
			isa = XCConfigurationList;
			buildConfigurations = (
				A3162DEB1A52D98D007F7010 /* Debug */,
				A3162DEC1A52D98D007F7010 /* Release */,
			);
			defaultConfigurationIsVisible = 0;
			defaultConfigurationName = Release;
		};
/* End XCConfigurationList section */

/* Begin XCVersionGroup section */
		A3DC74171A6D41DE00B3ACBA /* Revels_CoreDataModel.xcdatamodeld */ = {
			isa = XCVersionGroup;
			children = (
				A3DC74181A6D41DE00B3ACBA /* Revels_CoreDataModel.xcdatamodel */,
			);
			currentVersion = A3DC74181A6D41DE00B3ACBA /* Revels_CoreDataModel.xcdatamodel */;
			path = Revels_CoreDataModel.xcdatamodeld;
			sourceTree = "<group>";
			versionGroupType = wrapper.xcdatamodel;
		};
/* End XCVersionGroup section */
	};
	rootObject = A3162DBC1A52D98D007F7010 /* Project object */;
}
